
Microsoft Visual Studio Solution File, Format Version 12.00
# Visual Studio Version 17
VisualStudioVersion = 17.11.35303.130
MinimumVisualStudioVersion = 10.0.40219.1
Project("{2150E333-8FDC-42A3-9474-1A3956D46DE8}") = "Tools", "Tools", "{EAD3BC5F-ED5A-4A11-89A0-F8B4F777D8F3}"
EndProject
Project("{8BC9CEB8-8B4A-11D0-8D11-00A0C91BC942}") = "UITool", "Tools\UITool\UITool.vcxproj", "{110567C1-5AA5-4E53-B549-F8A441A2CBBF}"
EndProject
Project("{888888A0-9F3D-457C-B088-3A5042F75D52}") = "SoundTableConverter", "Tools\SoundTableConverter\SoundTableConverter.pyproj", "{21B4755D-CE45-4103-8F24-C3334F95F478}"
EndProject
Project("{2150E333-8FDC-42A3-9474-1A3956D46DE8}") = "Archives", "Archives", "{835E2161-9475-4C92-B216-AD2FC2ABC8D9}"
	ProjectSection(SolutionItems) = preProject
		Archives\Concept.txt = Archives\Concept.txt
		Archives\Imgui.txt = Archives\Imgui.txt
		Archives\Problem.txt = Archives\Problem.txt
		Archives\Todo.txt = Archives\Todo.txt
	EndProjectSection
EndProject
Project("{2150E333-8FDC-42A3-9474-1A3956D46DE8}") = "Runtime", "Runtime", "{135DF7EE-5223-45AF-BAF8-8AE601C5A73B}"
EndProject
Project("{8BC9CEB8-8B4A-11D0-8D11-00A0C91BC942}") = "Device", "Runtime\Device\Device.vcxproj", "{42CB8F33-76BF-453D-AABB-48339FE7AE3E}"
EndProject
Project("{8BC9CEB8-8B4A-11D0-8D11-00A0C91BC942}") = "Renderer", "Runtime\Renderer\Renderer.vcxproj", "{60E13BBA-4299-40F7-8FC1-C9E1928486F4}"
EndProject
Project("{2150E333-8FDC-42A3-9474-1A3956D46DE8}") = "Game", "Game", "{C8D5274F-AC00-46C7-1F8D-E88E81087A52}"
EndProject
Project("{8BC9CEB8-8B4A-11D0-8D11-00A0C91BC942}") = "GameClient", "Game\GameClient\GameClient.vcxproj", "{0FDE62D8-258D-480F-B158-D82F674F84A5}"
EndProject
Project("{8BC9CEB8-8B4A-11D0-8D11-00A0C91BC942}") = "App", "Game\App\App.vcxproj", "{FF38E9F1-1072-4310-BE4C-259EB97E0CBE}"
EndProject
Project("{8BC9CEB8-8B4A-11D0-8D11-00A0C91BC942}") = "Core", "Runtime\Core\Core.vcxproj", "{E0DCDEDB-6F54-4B60-B549-20DE9DF2BA39}"
EndProject
Project("{8BC9CEB8-8B4A-11D0-8D11-00A0C91BC942}") = "Platform", "Runtime\Platform\Platform.vcxproj", "{FDA4C59C-BF6A-4CCF-AEF1-496052A1FF50}"
EndProject
Project("{8BC9CEB8-8B4A-11D0-8D11-00A0C91BC942}") = "GameCore", "Game\GameCore\GameCore.vcxproj", "{51AD5607-32F1-4B44-8013-DDDEF3F543B4}"
EndProject
Global
	GlobalSection(SolutionConfigurationPlatforms) = preSolution
		Debug|Any CPU = Debug|Any CPU
		Debug|ARM64 = Debug|ARM64
		Debug|x64 = Debug|x64
		Debug|x86 = Debug|x86
		Release|Any CPU = Release|Any CPU
		Release|ARM64 = Release|ARM64
		Release|x64 = Release|x64
		Release|x86 = Release|x86
	EndGlobalSection
	GlobalSection(ProjectConfigurationPlatforms) = postSolution
		{110567C1-5AA5-4E53-B549-F8A441A2CBBF}.Debug|Any CPU.ActiveCfg = Debug|x64
		{110567C1-5AA5-4E53-B549-F8A441A2CBBF}.Debug|Any CPU.Build.0 = Debug|x64
		{110567C1-5AA5-4E53-B549-F8A441A2CBBF}.Debug|ARM64.ActiveCfg = Debug|x64
		{110567C1-5AA5-4E53-B549-F8A441A2CBBF}.Debug|ARM64.Build.0 = Debug|x64
		{110567C1-5AA5-4E53-B549-F8A441A2CBBF}.Debug|x64.ActiveCfg = Debug|x64
		{110567C1-5AA5-4E53-B549-F8A441A2CBBF}.Debug|x64.Build.0 = Debug|x64
		{110567C1-5AA5-4E53-B549-F8A441A2CBBF}.Debug|x86.ActiveCfg = Debug|Win32
		{110567C1-5AA5-4E53-B549-F8A441A2CBBF}.Debug|x86.Build.0 = Debug|Win32
		{110567C1-5AA5-4E53-B549-F8A441A2CBBF}.Release|Any CPU.ActiveCfg = Release|x64
		{110567C1-5AA5-4E53-B549-F8A441A2CBBF}.Release|Any CPU.Build.0 = Release|x64
		{110567C1-5AA5-4E53-B549-F8A441A2CBBF}.Release|ARM64.ActiveCfg = Release|x64
		{110567C1-5AA5-4E53-B549-F8A441A2CBBF}.Release|ARM64.Build.0 = Release|x64
		{110567C1-5AA5-4E53-B549-F8A441A2CBBF}.Release|x64.ActiveCfg = Release|x64
		{110567C1-5AA5-4E53-B549-F8A441A2CBBF}.Release|x64.Build.0 = Release|x64
		{110567C1-5AA5-4E53-B549-F8A441A2CBBF}.Release|x86.ActiveCfg = Release|Win32
		{110567C1-5AA5-4E53-B549-F8A441A2CBBF}.Release|x86.Build.0 = Release|Win32
		{21B4755D-CE45-4103-8F24-C3334F95F478}.Debug|Any CPU.ActiveCfg = Debug|Any CPU
		{21B4755D-CE45-4103-8F24-C3334F95F478}.Debug|ARM64.ActiveCfg = Debug|Any CPU
		{21B4755D-CE45-4103-8F24-C3334F95F478}.Debug|x64.ActiveCfg = Debug|Any CPU
		{21B4755D-CE45-4103-8F24-C3334F95F478}.Debug|x86.ActiveCfg = Debug|Any CPU
		{21B4755D-CE45-4103-8F24-C3334F95F478}.Release|Any CPU.ActiveCfg = Release|Any CPU
		{21B4755D-CE45-4103-8F24-C3334F95F478}.Release|ARM64.ActiveCfg = Release|Any CPU
		{21B4755D-CE45-4103-8F24-C3334F95F478}.Release|x64.ActiveCfg = Release|Any CPU
		{21B4755D-CE45-4103-8F24-C3334F95F478}.Release|x86.ActiveCfg = Release|Any CPU
		{42CB8F33-76BF-453D-AABB-48339FE7AE3E}.Debug|Any CPU.ActiveCfg = Debug|x64
		{42CB8F33-76BF-453D-AABB-48339FE7AE3E}.Debug|Any CPU.Build.0 = Debug|x64
		{42CB8F33-76BF-453D-AABB-48339FE7AE3E}.Debug|ARM64.ActiveCfg = Debug|x64
		{42CB8F33-76BF-453D-AABB-48339FE7AE3E}.Debug|ARM64.Build.0 = Debug|x64
		{42CB8F33-76BF-453D-AABB-48339FE7AE3E}.Debug|x64.ActiveCfg = Debug|x64
		{42CB8F33-76BF-453D-AABB-48339FE7AE3E}.Debug|x64.Build.0 = Debug|x64
		{42CB8F33-76BF-453D-AABB-48339FE7AE3E}.Debug|x86.ActiveCfg = Debug|Win32
		{42CB8F33-76BF-453D-AABB-48339FE7AE3E}.Debug|x86.Build.0 = Debug|Win32
		{42CB8F33-76BF-453D-AABB-48339FE7AE3E}.Release|Any CPU.ActiveCfg = Release|x64
		{42CB8F33-76BF-453D-AABB-48339FE7AE3E}.Release|Any CPU.Build.0 = Release|x64
		{42CB8F33-76BF-453D-AABB-48339FE7AE3E}.Release|ARM64.ActiveCfg = Release|x64
		{42CB8F33-76BF-453D-AABB-48339FE7AE3E}.Release|ARM64.Build.0 = Release|x64
		{42CB8F33-76BF-453D-AABB-48339FE7AE3E}.Release|x64.ActiveCfg = Release|x64
		{42CB8F33-76BF-453D-AABB-48339FE7AE3E}.Release|x64.Build.0 = Release|x64
		{42CB8F33-76BF-453D-AABB-48339FE7AE3E}.Release|x86.ActiveCfg = Release|Win32
		{42CB8F33-76BF-453D-AABB-48339FE7AE3E}.Release|x86.Build.0 = Release|Win32
		{60E13BBA-4299-40F7-8FC1-C9E1928486F4}.Debug|Any CPU.ActiveCfg = Debug|x64
		{60E13BBA-4299-40F7-8FC1-C9E1928486F4}.Debug|Any CPU.Build.0 = Debug|x64
		{60E13BBA-4299-40F7-8FC1-C9E1928486F4}.Debug|ARM64.ActiveCfg = Debug|x64
		{60E13BBA-4299-40F7-8FC1-C9E1928486F4}.Debug|ARM64.Build.0 = Debug|x64
		{60E13BBA-4299-40F7-8FC1-C9E1928486F4}.Debug|x64.ActiveCfg = Debug|x64
		{60E13BBA-4299-40F7-8FC1-C9E1928486F4}.Debug|x64.Build.0 = Debug|x64
		{60E13BBA-4299-40F7-8FC1-C9E1928486F4}.Debug|x86.ActiveCfg = Debug|Win32
		{60E13BBA-4299-40F7-8FC1-C9E1928486F4}.Debug|x86.Build.0 = Debug|Win32
		{60E13BBA-4299-40F7-8FC1-C9E1928486F4}.Release|Any CPU.ActiveCfg = Release|x64
		{60E13BBA-4299-40F7-8FC1-C9E1928486F4}.Release|Any CPU.Build.0 = Release|x64
		{60E13BBA-4299-40F7-8FC1-C9E1928486F4}.Release|ARM64.ActiveCfg = Release|x64
		{60E13BBA-4299-40F7-8FC1-C9E1928486F4}.Release|ARM64.Build.0 = Release|x64
		{60E13BBA-4299-40F7-8FC1-C9E1928486F4}.Release|x64.ActiveCfg = Release|x64
		{60E13BBA-4299-40F7-8FC1-C9E1928486F4}.Release|x64.Build.0 = Release|x64
		{60E13BBA-4299-40F7-8FC1-C9E1928486F4}.Release|x86.ActiveCfg = Release|Win32
		{60E13BBA-4299-40F7-8FC1-C9E1928486F4}.Release|x86.Build.0 = Release|Win32
		{0FDE62D8-258D-480F-B158-D82F674F84A5}.Debug|Any CPU.ActiveCfg = Debug|x64
		{0FDE62D8-258D-480F-B158-D82F674F84A5}.Debug|Any CPU.Build.0 = Debug|x64
		{0FDE62D8-258D-480F-B158-D82F674F84A5}.Debug|ARM64.ActiveCfg = Debug|x64
		{0FDE62D8-258D-480F-B158-D82F674F84A5}.Debug|ARM64.Build.0 = Debug|x64
		{0FDE62D8-258D-480F-B158-D82F674F84A5}.Debug|x64.ActiveCfg = Debug|x64
		{0FDE62D8-258D-480F-B158-D82F674F84A5}.Debug|x64.Build.0 = Debug|x64
		{0FDE62D8-258D-480F-B158-D82F674F84A5}.Debug|x86.ActiveCfg = Debug|Win32
		{0FDE62D8-258D-480F-B158-D82F674F84A5}.Debug|x86.Build.0 = Debug|Win32
		{0FDE62D8-258D-480F-B158-D82F674F84A5}.Release|Any CPU.ActiveCfg = Release|x64
		{0FDE62D8-258D-480F-B158-D82F674F84A5}.Release|Any CPU.Build.0 = Release|x64
		{0FDE62D8-258D-480F-B158-D82F674F84A5}.Release|ARM64.ActiveCfg = Release|x64
		{0FDE62D8-258D-480F-B158-D82F674F84A5}.Release|ARM64.Build.0 = Release|x64
		{0FDE62D8-258D-480F-B158-D82F674F84A5}.Release|x64.ActiveCfg = Release|x64
		{0FDE62D8-258D-480F-B158-D82F674F84A5}.Release|x64.Build.0 = Release|x64
		{0FDE62D8-258D-480F-B158-D82F674F84A5}.Release|x86.ActiveCfg = Release|Win32
		{0FDE62D8-258D-480F-B158-D82F674F84A5}.Release|x86.Build.0 = Release|Win32
		{FF38E9F1-1072-4310-BE4C-259EB97E0CBE}.Debug|Any CPU.ActiveCfg = Debug|x64
		{FF38E9F1-1072-4310-BE4C-259EB97E0CBE}.Debug|Any CPU.Build.0 = Debug|x64
		{FF38E9F1-1072-4310-BE4C-259EB97E0CBE}.Debug|ARM64.ActiveCfg = Debug|x64
		{FF38E9F1-1072-4310-BE4C-259EB97E0CBE}.Debug|ARM64.Build.0 = Debug|x64
		{FF38E9F1-1072-4310-BE4C-259EB97E0CBE}.Debug|x64.ActiveCfg = Debug|x64
		{FF38E9F1-1072-4310-BE4C-259EB97E0CBE}.Debug|x64.Build.0 = Debug|x64
		{FF38E9F1-1072-4310-BE4C-259EB97E0CBE}.Debug|x86.ActiveCfg = Debug|Win32
		{FF38E9F1-1072-4310-BE4C-259EB97E0CBE}.Debug|x86.Build.0 = Debug|Win32
		{FF38E9F1-1072-4310-BE4C-259EB97E0CBE}.Release|Any CPU.ActiveCfg = Release|x64
		{FF38E9F1-1072-4310-BE4C-259EB97E0CBE}.Release|Any CPU.Build.0 = Release|x64
		{FF38E9F1-1072-4310-BE4C-259EB97E0CBE}.Release|ARM64.ActiveCfg = Release|x64
		{FF38E9F1-1072-4310-BE4C-259EB97E0CBE}.Release|ARM64.Build.0 = Release|x64
		{FF38E9F1-1072-4310-BE4C-259EB97E0CBE}.Release|x64.ActiveCfg = Release|x64
		{FF38E9F1-1072-4310-BE4C-259EB97E0CBE}.Release|x64.Build.0 = Release|x64
		{FF38E9F1-1072-4310-BE4C-259EB97E0CBE}.Release|x86.ActiveCfg = Release|Win32
		{FF38E9F1-1072-4310-BE4C-259EB97E0CBE}.Release|x86.Build.0 = Release|Win32
		{E0DCDEDB-6F54-4B60-B549-20DE9DF2BA39}.Debug|Any CPU.ActiveCfg = Debug|x64
		{E0DCDEDB-6F54-4B60-B549-20DE9DF2BA39}.Debug|Any CPU.Build.0 = Debug|x64
		{E0DCDEDB-6F54-4B60-B549-20DE9DF2BA39}.Debug|ARM64.ActiveCfg = Debug|x64
		{E0DCDEDB-6F54-4B60-B549-20DE9DF2BA39}.Debug|ARM64.Build.0 = Debug|x64
		{E0DCDEDB-6F54-4B60-B549-20DE9DF2BA39}.Debug|x64.ActiveCfg = Debug|x64
		{E0DCDEDB-6F54-4B60-B549-20DE9DF2BA39}.Debug|x64.Build.0 = Debug|x64
		{E0DCDEDB-6F54-4B60-B549-20DE9DF2BA39}.Debug|x86.ActiveCfg = Debug|Win32
		{E0DCDEDB-6F54-4B60-B549-20DE9DF2BA39}.Debug|x86.Build.0 = Debug|Win32
		{E0DCDEDB-6F54-4B60-B549-20DE9DF2BA39}.Release|Any CPU.ActiveCfg = Release|x64
		{E0DCDEDB-6F54-4B60-B549-20DE9DF2BA39}.Release|Any CPU.Build.0 = Release|x64
		{E0DCDEDB-6F54-4B60-B549-20DE9DF2BA39}.Release|ARM64.ActiveCfg = Release|x64
		{E0DCDEDB-6F54-4B60-B549-20DE9DF2BA39}.Release|ARM64.Build.0 = Release|x64
		{E0DCDEDB-6F54-4B60-B549-20DE9DF2BA39}.Release|x64.ActiveCfg = Release|x64
		{E0DCDEDB-6F54-4B60-B549-20DE9DF2BA39}.Release|x64.Build.0 = Release|x64
		{E0DCDEDB-6F54-4B60-B549-20DE9DF2BA39}.Release|x86.ActiveCfg = Release|Win32
		{E0DCDEDB-6F54-4B60-B549-20DE9DF2BA39}.Release|x86.Build.0 = Release|Win32
		{FDA4C59C-BF6A-4CCF-AEF1-496052A1FF50}.Debug|Any CPU.ActiveCfg = Debug|x64
		{FDA4C59C-BF6A-4CCF-AEF1-496052A1FF50}.Debug|Any CPU.Build.0 = Debug|x64
		{FDA4C59C-BF6A-4CCF-AEF1-496052A1FF50}.Debug|ARM64.ActiveCfg = Debug|x64
		{FDA4C59C-BF6A-4CCF-AEF1-496052A1FF50}.Debug|ARM64.Build.0 = Debug|x64
		{FDA4C59C-BF6A-4CCF-AEF1-496052A1FF50}.Debug|x64.ActiveCfg = Debug|x64
		{FDA4C59C-BF6A-4CCF-AEF1-496052A1FF50}.Debug|x64.Build.0 = Debug|x64
		{FDA4C59C-BF6A-4CCF-AEF1-496052A1FF50}.Debug|x86.ActiveCfg = Debug|Win32
		{FDA4C59C-BF6A-4CCF-AEF1-496052A1FF50}.Debug|x86.Build.0 = Debug|Win32
		{FDA4C59C-BF6A-4CCF-AEF1-496052A1FF50}.Release|Any CPU.ActiveCfg = Release|x64
		{FDA4C59C-BF6A-4CCF-AEF1-496052A1FF50}.Release|Any CPU.Build.0 = Release|x64
		{FDA4C59C-BF6A-4CCF-AEF1-496052A1FF50}.Release|ARM64.ActiveCfg = Release|x64
		{FDA4C59C-BF6A-4CCF-AEF1-496052A1FF50}.Release|ARM64.Build.0 = Release|x64
		{FDA4C59C-BF6A-4CCF-AEF1-496052A1FF50}.Release|x64.ActiveCfg = Release|x64
		{FDA4C59C-BF6A-4CCF-AEF1-496052A1FF50}.Release|x64.Build.0 = Release|x64
		{FDA4C59C-BF6A-4CCF-AEF1-496052A1FF50}.Release|x86.ActiveCfg = Release|Win32
		{FDA4C59C-BF6A-4CCF-AEF1-496052A1FF50}.Release|x86.Build.0 = Release|Win32
		{51AD5607-32F1-4B44-8013-DDDEF3F543B4}.Debug|Any CPU.ActiveCfg = Debug|x64
		{51AD5607-32F1-4B44-8013-DDDEF3F543B4}.Debug|Any CPU.Build.0 = Debug|x64
		{51AD5607-32F1-4B44-8013-DDDEF3F543B4}.Debug|ARM64.ActiveCfg = Debug|x64
		{51AD5607-32F1-4B44-8013-DDDEF3F543B4}.Debug|ARM64.Build.0 = Debug|x64
		{51AD5607-32F1-4B44-8013-DDDEF3F543B4}.Debug|x64.ActiveCfg = Debug|x64
		{51AD5607-32F1-4B44-8013-DDDEF3F543B4}.Debug|x64.Build.0 = Debug|x64
		{51AD5607-32F1-4B44-8013-DDDEF3F543B4}.Debug|x86.ActiveCfg = Debug|Win32
		{51AD5607-32F1-4B44-8013-DDDEF3F543B4}.Debug|x86.Build.0 = Debug|Win32
		{51AD5607-32F1-4B44-8013-DDDEF3F543B4}.Release|Any CPU.ActiveCfg = Release|x64
		{51AD5607-32F1-4B44-8013-DDDEF3F543B4}.Release|Any CPU.Build.0 = Release|x64
		{51AD5607-32F1-4B44-8013-DDDEF3F543B4}.Release|ARM64.ActiveCfg = Release|x64
		{51AD5607-32F1-4B44-8013-DDDEF3F543B4}.Release|ARM64.Build.0 = Release|x64
		{51AD5607-32F1-4B44-8013-DDDEF3F543B4}.Release|x64.ActiveCfg = Release|x64
		{51AD5607-32F1-4B44-8013-DDDEF3F543B4}.Release|x64.Build.0 = Release|x64
		{51AD5607-32F1-4B44-8013-DDDEF3F543B4}.Release|x86.ActiveCfg = Release|Win32
		{51AD5607-32F1-4B44-8013-DDDEF3F543B4}.Release|x86.Build.0 = Release|Win32
	EndGlobalSection
	GlobalSection(SolutionProperties) = preSolution
		HideSolutionNode = FALSE
	EndGlobalSection
	GlobalSection(NestedProjects) = preSolution
		{110567C1-5AA5-4E53-B549-F8A441A2CBBF} = {EAD3BC5F-ED5A-4A11-89A0-F8B4F777D8F3}
		{21B4755D-CE45-4103-8F24-C3334F95F478} = {EAD3BC5F-ED5A-4A11-89A0-F8B4F777D8F3}
		{42CB8F33-76BF-453D-AABB-48339FE7AE3E} = {135DF7EE-5223-45AF-BAF8-8AE601C5A73B}
		{60E13BBA-4299-40F7-8FC1-C9E1928486F4} = {135DF7EE-5223-45AF-BAF8-8AE601C5A73B}
		{0FDE62D8-258D-480F-B158-D82F674F84A5} = {C8D5274F-AC00-46C7-1F8D-E88E81087A52}
		{FF38E9F1-1072-4310-BE4C-259EB97E0CBE} = {C8D5274F-AC00-46C7-1F8D-E88E81087A52}
		{E0DCDEDB-6F54-4B60-B549-20DE9DF2BA39} = {135DF7EE-5223-45AF-BAF8-8AE601C5A73B}
		{FDA4C59C-BF6A-4CCF-AEF1-496052A1FF50} = {135DF7EE-5223-45AF-BAF8-8AE601C5A73B}
		{51AD5607-32F1-4B44-8013-DDDEF3F543B4} = {C8D5274F-AC00-46C7-1F8D-E88E81087A52}
	EndGlobalSection
	GlobalSection(ExtensibilityGlobals) = postSolution
		SolutionGuid = {35807A15-5062-42E4-936C-F8ACC058435B}
	EndGlobalSection
EndGlobal
