<?xml version="1.0" encoding="utf-8"?>
<Project ToolsVersion="4.0" xmlns="http://schemas.microsoft.com/developer/msbuild/2003">
  <ItemGroup>
    <ClCompile Include="pch.cpp" />
    <ClCompile Include="System\EventDispatcherManager.cpp">
      <Filter>System</Filter>
    </ClCompile>
    <ClCompile Include="Scenes\SceneManager.cpp">
      <Filter>Scenes</Filter>
    </ClCompile>
    <ClCompile Include="Scenes\State\BattleState.cpp">
      <Filter>Scenes\State</Filter>
    </ClCompile>
    <ClCompile Include="Scenes\Layer\BattleLayer.cpp">
      <Filter>Scenes\Layer</Filter>
    </ClCompile>
    <ClCompile Include="Scenes\SceneNew.cpp">
      <Filter>Scenes</Filter>
    </ClCompile>
    <ClCompile Include="Session\GameSession.cpp">
      <Filter>Session</Filter>
    </ClCompile>
  </ItemGroup>
  <ItemGroup>
    <ClInclude Include="pch.h" />
    <ClInclude Include="Scenes\Scene.h">
      <Filter>Scenes</Filter>
    </ClInclude>
    <ClInclude Include="Scenes\SceneType.h">
      <Filter>Scenes</Filter>
    </ClInclude>
    <ClInclude Include="Locator\EventDispatcherLocator.h">
      <Filter>Locator</Filter>
    </ClInclude>
    <ClInclude Include="System\EventDispatcherManager.h">
      <Filter>System</Filter>
    </ClInclude>
    <ClInclude Include="Scenes\SceneManager.h">
      <Filter>Scenes</Filter>
    </ClInclude>
    <ClInclude Include="Scenes\SceneLocator.h">
      <Filter>Scenes</Filter>
    </ClInclude>
    <ClInclude Include="Scenes\State\SceneState.h">
      <Filter>Scenes\State</Filter>
    </ClInclude>
    <ClInclude Include="Scenes\State\BattleState.h">
      <Filter>Scenes\State</Filter>
    </ClInclude>
    <ClInclude Include="Scenes\Layer\SceneLayer.h">
      <Filter>Scenes\Layer</Filter>
    </ClInclude>
    <ClInclude Include="Scenes\Layer\BattleLayer.h">
      <Filter>Scenes\Layer</Filter>
    </ClInclude>
    <ClInclude Include="Scenes\SceneNew.h">
      <Filter>Scenes</Filter>
    </ClInclude>
    <ClInclude Include="Session\GameSession.h">
      <Filter>Session</Filter>
    </ClInclude>
  </ItemGroup>
  <ItemGroup>
    <Filter Include="System">
      <UniqueIdentifier>{404c4798-e90a-449d-90d6-742b38361796}</UniqueIdentifier>
    </Filter>
    <Filter Include="Scenes">
      <UniqueIdentifier>{7683c68e-04e5-412d-89a2-987756690828}</UniqueIdentifier>
    </Filter>
    <Filter Include="Locator">
      <UniqueIdentifier>{e32ed532-d29b-4eaf-b3b5-c61108ca440e}</UniqueIdentifier>
    </Filter>
    <Filter Include="Scenes\Layer">
      <UniqueIdentifier>{eadc8a4c-6f5f-4b21-8edd-2a683586fd8e}</UniqueIdentifier>
    </Filter>
    <Filter Include="Scenes\State">
      <UniqueIdentifier>{8b7f9446-9bda-491b-92f8-283aaa9a9dec}</UniqueIdentifier>
    </Filter>
    <Filter Include="Session">
      <UniqueIdentifier>{5d525835-b1a1-4694-875d-f50e1c8532ad}</UniqueIdentifier>
    </Filter>
    <Filter Include="Service">
      <UniqueIdentifier>{8b7f7ef3-f3a7-4dc6-9b44-9e2ddc99e89d}</UniqueIdentifier>
    </Filter>
  </ItemGroup>
</Project>