<?xml version="1.0" encoding="utf-8"?>
<Project ToolsVersion="4.0" xmlns="http://schemas.microsoft.com/developer/msbuild/2003">
  <ItemGroup>
    <ClCompile Include="pch.cpp" />
    <ClCompile Include="Window\Window.cpp">
      <Filter>Window</Filter>
    </ClCompile>
    <ClCompile Include="Window\WindowProcedure.cpp">
      <Filter>Window</Filter>
    </ClCompile>
    <ClCompile Include="Framework\AppLoop.cpp">
      <Filter>Framework</Filter>
    </ClCompile>
    <ClCompile Include="Framework\AppLoopWndProc.cpp">
      <Filter>Framework</Filter>
    </ClCompile>
    <ClCompile Include="Framework\Initializer\Application.cpp">
      <Filter>Framework\Initializer</Filter>
    </ClCompile>
    <ClCompile Include="DevTools\Profiler.cpp">
      <Filter>DevTools</Filter>
    </ClCompile>
    <ClCompile Include="Utils\GeometryExt.cpp">
      <Filter>Utils</Filter>
    </ClCompile>
    <ClCompile Include="Serializer\Serializer.cpp">
      <Filter>Serializer</Filter>
    </ClCompile>
    <ClCompile Include="Serializer\Format\KeyConverter.cpp">
      <Filter>Serializer\Format</Filter>
    </ClCompile>
    <ClCompile Include="Serializer\Format\Traits.cpp">
      <Filter>Serializer\Format</Filter>
    </ClCompile>
    <ClCompile Include="Framework\Environment.cpp">
      <Filter>Framework</Filter>
    </ClCompile>
    <ClCompile Include="Utils\PathUtils.cpp">
      <Filter>Utils</Filter>
    </ClCompile>
    <ClCompile Include="Utils\StringExt.cpp">
      <Filter>Utils</Filter>
    </ClCompile>
    <ClCompile Include="Resource\ResourceManager.cpp">
      <Filter>Resource</Filter>
    </ClCompile>
    <ClCompile Include="Resource\ResourceStream.cpp">
      <Filter>Resource</Filter>
    </ClCompile>
  </ItemGroup>
  <ItemGroup>
    <ClInclude Include="pch.h" />
    <ClInclude Include="Window\Window.h">
      <Filter>Window</Filter>
    </ClInclude>
    <ClInclude Include="Window\WindowProcedure.h">
      <Filter>Window</Filter>
    </ClInclude>
    <ClInclude Include="Framework\AppLoop.h">
      <Filter>Framework</Filter>
    </ClInclude>
    <ClInclude Include="Framework\StepTimer.h">
      <Filter>Framework</Filter>
    </ClInclude>
    <ClInclude Include="Framework\Initializer\Application.h">
      <Filter>Framework\Initializer</Filter>
    </ClInclude>
    <ClInclude Include="DevTools\Profiler.h">
      <Filter>DevTools</Filter>
    </ClInclude>
    <ClInclude Include="Utils\GeometryExt.h">
      <Filter>Utils</Filter>
    </ClInclude>
    <ClInclude Include="Serializer\ClassSerialize.hpp">
      <Filter>Serializer</Filter>
    </ClInclude>
    <ClInclude Include="Serializer\Concepts.h">
      <Filter>Serializer</Filter>
    </ClInclude>
    <ClInclude Include="Serializer\Serializer.h">
      <Filter>Serializer</Filter>
    </ClInclude>
    <ClInclude Include="Serializer\Serializer.hpp">
      <Filter>Serializer</Filter>
    </ClInclude>
    <ClInclude Include="Serializer\Format\KeyConverter.hpp">
      <Filter>Serializer\Format</Filter>
    </ClInclude>
    <ClInclude Include="Serializer\Format\Traits.h">
      <Filter>Serializer\Format</Filter>
    </ClInclude>
    <ClInclude Include="Serializer\Format\TraitsHelper.hpp">
      <Filter>Serializer\Format</Filter>
    </ClInclude>
    <ClInclude Include="Framework\Environment.h">
      <Filter>Framework</Filter>
    </ClInclude>
    <ClInclude Include="Framework\EnvironmentLocator.h">
      <Filter>Framework</Filter>
    </ClInclude>
    <ClInclude Include="Utils\PathUtils.h">
      <Filter>Utils</Filter>
    </ClInclude>
    <ClInclude Include="Utils\StringExt.h">
      <Filter>Utils</Filter>
    </ClInclude>
    <ClInclude Include="Resource\ResourceManager.h">
      <Filter>Resource</Filter>
    </ClInclude>
    <ClInclude Include="Resource\IResourceManager.h">
      <Filter>Resource</Filter>
    </ClInclude>
    <ClInclude Include="Resource\IResourceStream.h">
      <Filter>Resource</Filter>
    </ClInclude>
    <ClInclude Include="Resource\ResourceStream.h">
      <Filter>Resource</Filter>
    </ClInclude>
  </ItemGroup>
  <ItemGroup>
    <Filter Include="Window">
      <UniqueIdentifier>{ae161f0f-2040-4bdf-93e3-13235b831991}</UniqueIdentifier>
    </Filter>
    <Filter Include="Framework">
      <UniqueIdentifier>{afcad76d-77c3-4071-911b-b40c2f51f54a}</UniqueIdentifier>
    </Filter>
    <Filter Include="Framework\Initializer">
      <UniqueIdentifier>{2f8a9520-3a84-4472-8663-f95057d7154d}</UniqueIdentifier>
    </Filter>
    <Filter Include="DevTools">
      <UniqueIdentifier>{656df0b6-88c9-4cb1-8084-079de0cca10b}</UniqueIdentifier>
    </Filter>
    <Filter Include="Utils">
      <UniqueIdentifier>{e0fc3eb3-9c85-48ee-a017-72a1b329f603}</UniqueIdentifier>
    </Filter>
    <Filter Include="Serializer">
      <UniqueIdentifier>{1096e105-f9af-4981-9da7-cd373755c480}</UniqueIdentifier>
    </Filter>
    <Filter Include="Serializer\Format">
      <UniqueIdentifier>{dd35b109-3cb8-4ad9-95b5-eeebc1db9201}</UniqueIdentifier>
    </Filter>
    <Filter Include="Resource">
      <UniqueIdentifier>{83fcb81e-3ede-4899-9679-01d11b7a26b9}</UniqueIdentifier>
    </Filter>
  </ItemGroup>
</Project>