<?xml version="1.0" encoding="utf-8"?>
<Project ToolsVersion="4.0" xmlns="http://schemas.microsoft.com/developer/msbuild/2003">
  <ItemGroup>
    <Filter Include="Storage">
      <UniqueIdentifier>{37b176a5-f988-4eaa-806f-4228547eca3a}</UniqueIdentifier>
    </Filter>
    <Filter Include="Storage\Json">
      <UniqueIdentifier>{a736aea1-47e9-4bdf-86ca-94f79f6fdcc5}</UniqueIdentifier>
    </Filter>
    <Filter Include="Input">
      <UniqueIdentifier>{67c16c86-4c2e-4bb7-97ee-b3a65f62cd7d}</UniqueIdentifier>
    </Filter>
    <Filter Include="Audio">
      <UniqueIdentifier>{ae7d1d6c-edd8-418b-a724-69195d6a2294}</UniqueIdentifier>
    </Filter>
    <Filter Include="Audio\SDL">
      <UniqueIdentifier>{00b23d60-3cf3-412a-8c65-4184d7cfbdf6}</UniqueIdentifier>
    </Filter>
    <Filter Include="Input\DirectX">
      <UniqueIdentifier>{e04d1abe-6276-4378-90a5-5de3c0cf4d57}</UniqueIdentifier>
    </Filter>
    <Filter Include="Audio\SDL\Static">
      <UniqueIdentifier>{6f98a661-4367-4c0c-af70-d71eaedf0cb1}</UniqueIdentifier>
    </Filter>
    <Filter Include="Audio\SDL\Stream">
      <UniqueIdentifier>{a238fae4-8a0d-42f9-b576-da384f094f3c}</UniqueIdentifier>
    </Filter>
    <Filter Include="Render">
      <UniqueIdentifier>{f38fc198-7943-4c01-b22f-725867379203}</UniqueIdentifier>
    </Filter>
    <Filter Include="Render\DX12">
      <UniqueIdentifier>{9705a1b6-dbbc-4a71-a12a-443bf80a7889}</UniqueIdentifier>
    </Filter>
    <Filter Include="Asset">
      <UniqueIdentifier>{19aa7215-d67b-4ef0-856e-aeb4181b4a01}</UniqueIdentifier>
    </Filter>
    <Filter Include="Asset\Loader">
      <UniqueIdentifier>{438a40f3-470d-4394-87f2-1de9c2ef81e2}</UniqueIdentifier>
    </Filter>
    <Filter Include="Asset\Loader\Sound">
      <UniqueIdentifier>{86fee15d-c694-4d46-99c9-caf0cb39370f}</UniqueIdentifier>
    </Filter>
    <Filter Include="Asset\Loader\Graphics">
      <UniqueIdentifier>{b4202579-0679-47f3-9dda-6ed761bc7e62}</UniqueIdentifier>
    </Filter>
    <Filter Include="Render\DX12\Helpers">
      <UniqueIdentifier>{bbeb7167-9d37-4516-87de-ec5b53a6ae00}</UniqueIdentifier>
    </Filter>
    <Filter Include="Render\DX12\Command">
      <UniqueIdentifier>{88253109-bbfb-44c3-94b2-f5e62414af12}</UniqueIdentifier>
    </Filter>
    <Filter Include="Render\DX12\Resource">
      <UniqueIdentifier>{18be30e4-551c-4810-8f7d-b35aae51a9f1}</UniqueIdentifier>
    </Filter>
    <Filter Include="Render\DX12\Graph">
      <UniqueIdentifier>{e4bb0a2a-16cc-4d5e-85f4-199ba1ea76ba}</UniqueIdentifier>
    </Filter>
    <Filter Include="Render\DX12\Pipeline">
      <UniqueIdentifier>{0c9bea35-240f-4649-99b5-b4780f217604}</UniqueIdentifier>
    </Filter>
    <Filter Include="Render\DX12\Core">
      <UniqueIdentifier>{521fdfae-4549-4d5b-a372-d5e0aea3600c}</UniqueIdentifier>
    </Filter>
    <Filter Include="Render\DX12\Scene">
      <UniqueIdentifier>{107b4404-0db9-47f5-9313-9eb2599d88be}</UniqueIdentifier>
    </Filter>
    <Filter Include="Render\DX12\Resource\Mesh">
      <UniqueIdentifier>{e7bf1019-a4e8-41df-87bb-63881487bd57}</UniqueIdentifier>
    </Filter>
    <Filter Include="Render\DX12\Resource\Material">
      <UniqueIdentifier>{fc36fb15-f568-45f9-addc-63c51864559c}</UniqueIdentifier>
    </Filter>
    <Filter Include="Render\DX12\Resource\Texture">
      <UniqueIdentifier>{5be33bb7-935b-4e1f-8c77-fd4bf0eae295}</UniqueIdentifier>
    </Filter>
    <Filter Include="Render\DX12\Factory">
      <UniqueIdentifier>{1878e9a5-ec9e-4970-a310-fa4d6975f0fa}</UniqueIdentifier>
    </Filter>
    <Filter Include="Render\DX12\Pipeline\Renderer">
      <UniqueIdentifier>{5e1e4cb9-fda1-4af1-a81b-d66100b5cf8e}</UniqueIdentifier>
    </Filter>
    <Filter Include="Render\DX12\Shader">
      <UniqueIdentifier>{b27919eb-7710-457b-a0af-52d3d8be8cca}</UniqueIdentifier>
    </Filter>
    <Filter Include="Render\DX12\Provider">
      <UniqueIdentifier>{1ce0f630-4d22-403a-84d5-4ce4608033a6}</UniqueIdentifier>
    </Filter>
    <Filter Include="Render\DX12\Provider\Material">
      <UniqueIdentifier>{27813c3e-2e43-4672-82fe-dc3f9b9a1006}</UniqueIdentifier>
    </Filter>
    <Filter Include="Render\DX12\Provider\Mesh">
      <UniqueIdentifier>{98781276-e237-4fcf-9e9b-051fa60eea20}</UniqueIdentifier>
    </Filter>
    <Filter Include="Render\DX12\Provider\Texture">
      <UniqueIdentifier>{75558158-3970-4cb8-8881-10a08baf500b}</UniqueIdentifier>
    </Filter>
    <Filter Include="Render\DX12\Provider\Font">
      <UniqueIdentifier>{486560e0-3322-4a4a-a49d-359c7b979c2c}</UniqueIdentifier>
    </Filter>
    <Filter Include="Render\DX12\Resource\Font">
      <UniqueIdentifier>{e4bef0ba-1a47-4b30-bd51-f4a4ec72aaa3}</UniqueIdentifier>
    </Filter>
    <Filter Include="Render\DX12\TextSystem">
      <UniqueIdentifier>{ad316f76-0d62-43ae-b0f5-591bab1b6140}</UniqueIdentifier>
    </Filter>
    <Filter Include="Render\DX12\Allocator">
      <UniqueIdentifier>{a1262f69-f1a8-4360-8005-8ee0a157eba6}</UniqueIdentifier>
    </Filter>
    <Filter Include="Render\DX12\Inspector">
      <UniqueIdentifier>{17415661-dccc-48ec-8efe-31578fa88320}</UniqueIdentifier>
    </Filter>
    <Filter Include="Render\DX12\TextSystem\Builder">
      <UniqueIdentifier>{1fba3394-d940-422a-ab44-b720cb8ff452}</UniqueIdentifier>
    </Filter>
    <Filter Include="Render\DX12\TextSystem\Atlas">
      <UniqueIdentifier>{2c40d7a1-19cc-4ee4-a3ec-e60979a8d178}</UniqueIdentifier>
    </Filter>
    <Filter Include="Render\DX12\TextSystem\Atlas\Glyph">
      <UniqueIdentifier>{4fb86d46-ea5b-46f1-97cd-66dfa5e65852}</UniqueIdentifier>
    </Filter>
  </ItemGroup>
  <ItemGroup>
    <ClInclude Include="Storage\JsonObjectIO.h">
      <Filter>Storage</Filter>
    </ClInclude>
    <ClInclude Include="pch.h" />
    <ClInclude Include="Input\IInputManager.h">
      <Filter>Input</Filter>
    </ClInclude>
    <ClInclude Include="Input\DirectX\InputManager.h">
      <Filter>Input\DirectX</Filter>
    </ClInclude>
    <ClInclude Include="Audio\SDL\SDLAudioBackend.h">
      <Filter>Audio\SDL</Filter>
    </ClInclude>
    <ClInclude Include="Audio\SDL\AudioFormat.h">
      <Filter>Audio\SDL</Filter>
    </ClInclude>
    <ClInclude Include="Audio\SDL\Static\StaticSoundBuffer.h">
      <Filter>Audio\SDL\Static</Filter>
    </ClInclude>
    <ClInclude Include="Audio\SDL\Static\StaticSoundInstance.h">
      <Filter>Audio\SDL\Static</Filter>
    </ClInclude>
    <ClInclude Include="Audio\SDL\Stream\StreamSoundBuffer.h">
      <Filter>Audio\SDL\Stream</Filter>
    </ClInclude>
    <ClInclude Include="Audio\SDL\Stream\StreamSoundInstance.h">
      <Filter>Audio\SDL\Stream</Filter>
    </ClInclude>
    <ClInclude Include="Audio\SDL\AudioDevice.h">
      <Filter>Audio\SDL</Filter>
    </ClInclude>
    <ClInclude Include="Audio\SDL\AudioMixer.h">
      <Filter>Audio\SDL</Filter>
    </ClInclude>
    <ClInclude Include="Audio\SDL\SDLAudioConfig.h">
      <Filter>Audio\SDL</Filter>
    </ClInclude>
    <ClInclude Include="Input\DirectX\DXKeyboardInputProvider.h">
      <Filter>Input\DirectX</Filter>
    </ClInclude>
    <ClInclude Include="Input\DirectX\DXKeyMap.h">
      <Filter>Input\DirectX</Filter>
    </ClInclude>
    <ClInclude Include="Input\DirectX\DXMouseInputProvider.h">
      <Filter>Input\DirectX</Filter>
    </ClInclude>
    <ClInclude Include="Render\DX12\RenderBackend.h">
      <Filter>Render\DX12</Filter>
    </ClInclude>
    <ClInclude Include="Render\DX12\SwapChainPresenter.h">
      <Filter>Render\DX12</Filter>
    </ClInclude>
    <ClInclude Include="Asset\Loader\JsonLoader.h">
      <Filter>Asset\Loader</Filter>
    </ClInclude>
    <ClInclude Include="Asset\Loader\Sound\OggStaticLoader.h">
      <Filter>Asset\Loader\Sound</Filter>
    </ClInclude>
    <ClInclude Include="Asset\Loader\Sound\WavStaticLoader.h">
      <Filter>Asset\Loader\Sound</Filter>
    </ClInclude>
    <ClInclude Include="Asset\Loader\Sound\AudioProcessing.h">
      <Filter>Asset\Loader\Sound</Filter>
    </ClInclude>
    <ClInclude Include="Asset\Loader\Sound\VorbisDecoder.h">
      <Filter>Asset\Loader\Sound</Filter>
    </ClInclude>
    <ClInclude Include="Audio\SDL\Stream\VorbisStreamCallbacks.h">
      <Filter>Audio\SDL\Stream</Filter>
    </ClInclude>
    <ClInclude Include="Asset\Loader\Sound\OggStreamLoader.h">
      <Filter>Asset\Loader\Sound</Filter>
    </ClInclude>
    <ClInclude Include="Asset\Loader\Graphics\PngTextureLoader.h">
      <Filter>Asset\Loader\Graphics</Filter>
    </ClInclude>
    <ClInclude Include="Asset\Loader\Graphics\MeshJsonLoader.h">
      <Filter>Asset\Loader\Graphics</Filter>
    </ClInclude>
    <ClInclude Include="Asset\Loader\Graphics\HLSLShaderLoader.h">
      <Filter>Asset\Loader\Graphics</Filter>
    </ClInclude>
    <ClInclude Include="Render\DX12\Helpers\MathHelpers.h">
      <Filter>Render\DX12\Helpers</Filter>
    </ClInclude>
    <ClInclude Include="Render\DX12\Command\CommandList.h">
      <Filter>Render\DX12\Command</Filter>
    </ClInclude>
    <ClInclude Include="Render\DX12\Command\CommandQueue.h">
      <Filter>Render\DX12\Command</Filter>
    </ClInclude>
    <ClInclude Include="Render\DX12\Command\CommandScheduler.h">
      <Filter>Render\DX12\Command</Filter>
    </ClInclude>
    <ClInclude Include="Render\DX12\Command\CommandType.h">
      <Filter>Render\DX12\Command</Filter>
    </ClInclude>
    <ClInclude Include="Render\DX12\Resource\Resource.h">
      <Filter>Render\DX12\Resource</Filter>
    </ClInclude>
    <ClInclude Include="Render\DX12\Resource\ShadowResource.h">
      <Filter>Render\DX12\Resource</Filter>
    </ClInclude>
    <ClInclude Include="Render\DX12\Graph\RGTypes.h">
      <Filter>Render\DX12\Graph</Filter>
    </ClInclude>
    <ClInclude Include="Render\DX12\Graph\Task.h">
      <Filter>Render\DX12\Graph</Filter>
    </ClInclude>
    <ClInclude Include="Render\DX12\Graph\TaskHandle.h">
      <Filter>Render\DX12\Graph</Filter>
    </ClInclude>
    <ClInclude Include="Render\DX12\Graph\TaskScheduler.h">
      <Filter>Render\DX12\Graph</Filter>
    </ClInclude>
    <ClInclude Include="Render\DX12\Pipeline\DebugSurfaceGraphBuilder.h">
      <Filter>Render\DX12\Pipeline</Filter>
    </ClInclude>
    <ClInclude Include="Render\DX12\Pipeline\ForwardRenderPipeline.h">
      <Filter>Render\DX12\Pipeline</Filter>
    </ClInclude>
    <ClInclude Include="Render\DX12\Pipeline\OpaqueGraphBuilder.h">
      <Filter>Render\DX12\Pipeline</Filter>
    </ClInclude>
    <ClInclude Include="Render\DX12\Pipeline\ShadowGraphBuilder.h">
      <Filter>Render\DX12\Pipeline</Filter>
    </ClInclude>
    <ClInclude Include="Render\DX12\Pipeline\UIGraphBuilder.h">
      <Filter>Render\DX12\Pipeline</Filter>
    </ClInclude>
    <ClInclude Include="Render\DX12\Core\BuildConfig.h">
      <Filter>Render\DX12\Core</Filter>
    </ClInclude>
    <ClInclude Include="Render\DX12\Core\Debug.h">
      <Filter>Render\DX12\Core</Filter>
    </ClInclude>
    <ClInclude Include="Render\DX12\Core\DebugHelper.h">
      <Filter>Render\DX12\Core</Filter>
    </ClInclude>
    <ClInclude Include="Render\DX12\Core\DebugOptions.h">
      <Filter>Render\DX12\Core</Filter>
    </ClInclude>
    <ClInclude Include="Render\DX12\Core\Device.h">
      <Filter>Render\DX12\Core</Filter>
    </ClInclude>
    <ClInclude Include="Render\DX12\Core\FrameProfiler.h">
      <Filter>Render\DX12\Core</Filter>
    </ClInclude>
    <ClInclude Include="Render\DX12\Scene\RenderScene.h">
      <Filter>Render\DX12\Scene</Filter>
    </ClInclude>
    <ClInclude Include="Render\DX12\Scene\RenderSortKey.h">
      <Filter>Render\DX12\Scene</Filter>
    </ClInclude>
    <ClInclude Include="Render\DX12\Resource\Mesh\MeshResource.h">
      <Filter>Render\DX12\Resource\Mesh</Filter>
    </ClInclude>
    <ClInclude Include="Render\DX12\Resource\Material\DebugSurfaceMaterialResource.h">
      <Filter>Render\DX12\Resource\Material</Filter>
    </ClInclude>
    <ClInclude Include="Render\DX12\Resource\Material\GridMaterialResource.h">
      <Filter>Render\DX12\Resource\Material</Filter>
    </ClInclude>
    <ClInclude Include="Render\DX12\Resource\Material\MaterialResource.h">
      <Filter>Render\DX12\Resource\Material</Filter>
    </ClInclude>
    <ClInclude Include="Render\DX12\Resource\Material\PbrMaterialResource.h">
      <Filter>Render\DX12\Resource\Material</Filter>
    </ClInclude>
    <ClInclude Include="Render\DX12\Resource\Material\PhongMaterialResource.h">
      <Filter>Render\DX12\Resource\Material</Filter>
    </ClInclude>
    <ClInclude Include="Render\DX12\Resource\Material\SurfaceMaterialResource.h">
      <Filter>Render\DX12\Resource\Material</Filter>
    </ClInclude>
    <ClInclude Include="Render\DX12\Resource\Material\UIMaterialResource.h">
      <Filter>Render\DX12\Resource\Material</Filter>
    </ClInclude>
    <ClInclude Include="Render\DX12\Resource\Texture\TextureResource.h">
      <Filter>Render\DX12\Resource\Texture</Filter>
    </ClInclude>
    <ClInclude Include="Render\DX12\Command\CommandListHelpers.h">
      <Filter>Render\DX12\Command</Filter>
    </ClInclude>
    <ClInclude Include="Render\DX12\Core\RenderData.h">
      <Filter>Render\DX12\Core</Filter>
    </ClInclude>
    <ClInclude Include="Render\DX12\Core\D3D12Conversions.h">
      <Filter>Render\DX12\Core</Filter>
    </ClInclude>
    <ClInclude Include="Render\DX12\Factory\DescriptorFactory.h">
      <Filter>Render\DX12\Factory</Filter>
    </ClInclude>
    <ClInclude Include="Render\DX12\Factory\ResourceFactory.h">
      <Filter>Render\DX12\Factory</Filter>
    </ClInclude>
    <ClInclude Include="Render\DX12\Pipeline\Renderer\DebugSurfaceRenderer.h">
      <Filter>Render\DX12\Pipeline\Renderer</Filter>
    </ClInclude>
    <ClInclude Include="Render\DX12\Pipeline\Renderer\PipelineCache.h">
      <Filter>Render\DX12\Pipeline\Renderer</Filter>
    </ClInclude>
    <ClInclude Include="Render\DX12\Pipeline\Renderer\RenderConstants.h">
      <Filter>Render\DX12\Pipeline\Renderer</Filter>
    </ClInclude>
    <ClInclude Include="Render\DX12\Pipeline\Renderer\RendererConfig.h">
      <Filter>Render\DX12\Pipeline\Renderer</Filter>
    </ClInclude>
    <ClInclude Include="Render\DX12\Pipeline\Renderer\Renderers.h">
      <Filter>Render\DX12\Pipeline\Renderer</Filter>
    </ClInclude>
    <ClInclude Include="Render\DX12\Pipeline\Renderer\RootSignatureBuilder.h">
      <Filter>Render\DX12\Pipeline\Renderer</Filter>
    </ClInclude>
    <ClInclude Include="Render\DX12\Pipeline\Renderer\ShadowRenderer.h">
      <Filter>Render\DX12\Pipeline\Renderer</Filter>
    </ClInclude>
    <ClInclude Include="Render\DX12\Pipeline\Renderer\SurfaceRenderer.h">
      <Filter>Render\DX12\Pipeline\Renderer</Filter>
    </ClInclude>
    <ClInclude Include="Render\DX12\Pipeline\Renderer\UIRenderer.h">
      <Filter>Render\DX12\Pipeline\Renderer</Filter>
    </ClInclude>
    <ClInclude Include="Render\DX12\Shader\ShaderLibrary.h">
      <Filter>Render\DX12\Shader</Filter>
    </ClInclude>
    <ClInclude Include="Render\DX12\RenderFrame.h">
      <Filter>Render\DX12</Filter>
    </ClInclude>
    <ClInclude Include="Render\DX12\Provider\Material\MaterialProvider.h">
      <Filter>Render\DX12\Provider\Material</Filter>
    </ClInclude>
    <ClInclude Include="Render\DX12\Provider\Mesh\MeshCreateGraphBuilder.h">
      <Filter>Render\DX12\Provider\Mesh</Filter>
    </ClInclude>
    <ClInclude Include="Render\DX12\Provider\Mesh\MeshLoadRequest.h">
      <Filter>Render\DX12\Provider\Mesh</Filter>
    </ClInclude>
    <ClInclude Include="Render\DX12\Provider\Mesh\MeshProvider.h">
      <Filter>Render\DX12\Provider\Mesh</Filter>
    </ClInclude>
    <ClInclude Include="Render\DX12\Provider\Mesh\MeshRegistry.h">
      <Filter>Render\DX12\Provider\Mesh</Filter>
    </ClInclude>
    <ClInclude Include="Render\DX12\Provider\Mesh\MeshUtils.h">
      <Filter>Render\DX12\Provider\Mesh</Filter>
    </ClInclude>
    <ClInclude Include="Render\DX12\Provider\Texture\MipGenerator.h">
      <Filter>Render\DX12\Provider\Texture</Filter>
    </ClInclude>
    <ClInclude Include="Render\DX12\Provider\Texture\TextureCreateGraphBuilder.h">
      <Filter>Render\DX12\Provider\Texture</Filter>
    </ClInclude>
    <ClInclude Include="Render\DX12\Provider\Texture\TextureLoadRequest.h">
      <Filter>Render\DX12\Provider\Texture</Filter>
    </ClInclude>
    <ClInclude Include="Render\DX12\Provider\Texture\TextureProvider.h">
      <Filter>Render\DX12\Provider\Texture</Filter>
    </ClInclude>
    <ClInclude Include="Render\DX12\Provider\Texture\TextureRegistry.h">
      <Filter>Render\DX12\Provider\Texture</Filter>
    </ClInclude>
    <ClInclude Include="Render\DX12\Helpers\TextureHelpers.h">
      <Filter>Render\DX12\Helpers</Filter>
    </ClInclude>
    <ClInclude Include="Render\DX12\Provider\Texture\TextureUtils.h">
      <Filter>Render\DX12\Provider\Texture</Filter>
    </ClInclude>
    <ClInclude Include="Render\DX12\ResourceProvider.h">
      <Filter>Render\DX12</Filter>
    </ClInclude>
    <ClInclude Include="Render\DX12\Graph\RenderGraph.h">
      <Filter>Render\DX12\Graph</Filter>
    </ClInclude>
    <ClInclude Include="Render\DX12\Graph\RenderPass.h">
      <Filter>Render\DX12\Graph</Filter>
    </ClInclude>
    <ClInclude Include="Render\DX12\Graph\BarrierBuilder.h">
      <Filter>Render\DX12\Graph</Filter>
    </ClInclude>
    <ClInclude Include="Render\DX12\Graph\RenderGraphUtils.h">
      <Filter>Render\DX12\Graph</Filter>
    </ClInclude>
    <ClInclude Include="Render\DX12\Graph\RenderGraphDefinitions.h">
      <Filter>Render\DX12\Graph</Filter>
    </ClInclude>
    <ClInclude Include="Render\DX12\Graph\TaskUtils.h">
      <Filter>Render\DX12\Graph</Filter>
    </ClInclude>
    <ClInclude Include="Render\DX12\Provider\ResourceReleaseBuilder.h">
      <Filter>Render\DX12\Provider</Filter>
    </ClInclude>
    <ClInclude Include="Render\DX12\Provider\Font\FontProvider.h">
      <Filter>Render\DX12\Provider\Font</Filter>
    </ClInclude>
    <ClInclude Include="Render\DX12\Resource\Font\FontResource.h">
      <Filter>Render\DX12\Resource\Font</Filter>
    </ClInclude>
    <ClInclude Include="Render\DX12\Core\FreeTypeLibrary.h">
      <Filter>Render\DX12\Core</Filter>
    </ClInclude>
    <ClInclude Include="Asset\Loader\Graphics\FontLoader.h">
      <Filter>Asset\Loader\Graphics</Filter>
    </ClInclude>
    <ClInclude Include="Render\DX12\TextSystem\TextSystem.h">
      <Filter>Render\DX12\TextSystem</Filter>
    </ClInclude>
    <ClInclude Include="Render\DX12\TextSystem\TextTypes.h">
      <Filter>Render\DX12\TextSystem</Filter>
    </ClInclude>
    <ClInclude Include="Render\DX12\Resource\Texture\BuiltinTextureType.h" />
    <ClInclude Include="Render\DX12\Allocator\BindlessDescriptorAllocator.h">
      <Filter>Render\DX12\Allocator</Filter>
    </ClInclude>
    <ClInclude Include="Render\DX12\Allocator\FrameConstantAllocator.h">
      <Filter>Render\DX12\Allocator</Filter>
    </ClInclude>
    <ClInclude Include="Render\DX12\Allocator\FrameUploadAllocator.h">
      <Filter>Render\DX12\Allocator</Filter>
    </ClInclude>
    <ClInclude Include="Render\DX12\RenderConstants.h">
      <Filter>Render\DX12</Filter>
    </ClInclude>
    <ClInclude Include="Render\DX12\Resource\Mesh\StaticMeshResource.h">
      <Filter>Render\DX12\Resource\Mesh</Filter>
    </ClInclude>
    <ClInclude Include="Render\DX12\Resource\Mesh\TransientMeshResource.h">
      <Filter>Render\DX12\Resource\Mesh</Filter>
    </ClInclude>
    <ClInclude Include="Render\DX12\Allocator\UploadAllocation.h">
      <Filter>Render\DX12\Allocator</Filter>
    </ClInclude>
    <ClInclude Include="Render\DX12\Provider\Mesh\TransientMeshProvider.h">
      <Filter>Render\DX12\Provider\Mesh</Filter>
    </ClInclude>
    <ClInclude Include="Render\DX12\TextSystem\TextHelpers.h">
      <Filter>Render\DX12\TextSystem</Filter>
    </ClInclude>
    <ClInclude Include="Render\DX12\Allocator\FrameUploadPools.h">
      <Filter>Render\DX12\Allocator</Filter>
    </ClInclude>
    <ClInclude Include="Render\DX12\Inspector\Inspector.h">
      <Filter>Render\DX12\Inspector</Filter>
    </ClInclude>
    <ClInclude Include="Render\DX12\Inspector\InspectorGraphBuilder.h">
      <Filter>Render\DX12\Inspector</Filter>
    </ClInclude>
    <ClInclude Include="Render\DX12\Inspector\InspectorImageRenderer.h">
      <Filter>Render\DX12\Inspector</Filter>
    </ClInclude>
    <ClInclude Include="Render\DX12\Inspector\InspectorRenderers.h">
      <Filter>Render\DX12\Inspector</Filter>
    </ClInclude>
    <ClInclude Include="Render\DX12\Allocator\DescriptorAllocationType.h">
      <Filter>Render\DX12\Allocator</Filter>
    </ClInclude>
    <ClInclude Include="Render\DX12\Allocator\DescriptorAllocator.h">
      <Filter>Render\DX12\Allocator</Filter>
    </ClInclude>
    <ClInclude Include="Render\DX12\TextSystem\Builder\FontAtlasUploadGraphBuilder.h">
      <Filter>Render\DX12\TextSystem\Builder</Filter>
    </ClInclude>
    <ClInclude Include="Render\DX12\TextSystem\Builder\TextMeshBuilder.h">
      <Filter>Render\DX12\TextSystem\Builder</Filter>
    </ClInclude>
    <ClInclude Include="Render\DX12\TextSystem\Atlas\AtlasPacker.h">
      <Filter>Render\DX12\TextSystem\Atlas</Filter>
    </ClInclude>
    <ClInclude Include="Render\DX12\TextSystem\Atlas\AtlasPage.h">
      <Filter>Render\DX12\TextSystem\Atlas</Filter>
    </ClInclude>
    <ClInclude Include="Render\DX12\TextSystem\Atlas\FontAtlas.h">
      <Filter>Render\DX12\TextSystem\Atlas</Filter>
    </ClInclude>
    <ClInclude Include="Render\DX12\TextSystem\Atlas\GlyphCache.h">
      <Filter>Render\DX12\TextSystem\Atlas</Filter>
    </ClInclude>
    <ClInclude Include="Render\DX12\TextSystem\Atlas\FontAtlasBucket.h">
      <Filter>Render\DX12\TextSystem\Atlas</Filter>
    </ClInclude>
    <ClInclude Include="Render\DX12\TextSystem\Atlas\FontSetting.h">
      <Filter>Render\DX12\TextSystem\Atlas</Filter>
    </ClInclude>
    <ClInclude Include="Render\DX12\TextSystem\Atlas\Glyph\GlyphBitmap.h">
      <Filter>Render\DX12\TextSystem\Atlas\Glyph</Filter>
    </ClInclude>
    <ClInclude Include="Render\DX12\TextSystem\Atlas\Glyph\GlyphGenerator.h">
      <Filter>Render\DX12\TextSystem\Atlas\Glyph</Filter>
    </ClInclude>
    <ClInclude Include="Render\DX12\TextSystem\Atlas\Glyph\BitmapGlyphGenerator.h">
      <Filter>Render\DX12\TextSystem\Atlas\Glyph</Filter>
    </ClInclude>
    <ClInclude Include="Render\DX12\TextSystem\Atlas\Glyph\SDFGlyphGenerator.h">
      <Filter>Render\DX12\TextSystem\Atlas\Glyph</Filter>
    </ClInclude>
    <ClInclude Include="Render\DX12\TextSystem\Atlas\Glyph\SimpleSDFGlyphGenerator.h">
      <Filter>Render\DX12\TextSystem\Atlas\Glyph</Filter>
    </ClInclude>
    <ClInclude Include="Render\DX12\TextSystem\Atlas\BitmapFontAtlasBucket.h">
      <Filter>Render\DX12\TextSystem\Atlas</Filter>
    </ClInclude>
    <ClInclude Include="Render\DX12\TextSystem\Atlas\SDFFontAtlasBucket.h">
      <Filter>Render\DX12\TextSystem\Atlas</Filter>
    </ClInclude>
  </ItemGroup>
  <ItemGroup>
    <ClCompile Include="pch.cpp" />
    <ClCompile Include="Input\DirectX\InputManager.cpp">
      <Filter>Input\DirectX</Filter>
    </ClCompile>
    <ClCompile Include="Audio\SDL\SDLAudioBackend.cpp">
      <Filter>Audio\SDL</Filter>
    </ClCompile>
    <ClCompile Include="Audio\SDL\AudioFormat.cpp">
      <Filter>Audio\SDL</Filter>
    </ClCompile>
    <ClCompile Include="Audio\SDL\Static\StaticSoundBuffer.cpp">
      <Filter>Audio\SDL\Static</Filter>
    </ClCompile>
    <ClCompile Include="Audio\SDL\Static\StaticSoundInstance.cpp">
      <Filter>Audio\SDL\Static</Filter>
    </ClCompile>
    <ClCompile Include="Audio\SDL\Stream\StreamSoundBuffer.cpp">
      <Filter>Audio\SDL\Stream</Filter>
    </ClCompile>
    <ClCompile Include="Audio\SDL\Stream\StreamSoundInstance.cpp">
      <Filter>Audio\SDL\Stream</Filter>
    </ClCompile>
    <ClCompile Include="Audio\SDL\AudioDevice.cpp">
      <Filter>Audio\SDL</Filter>
    </ClCompile>
    <ClCompile Include="Audio\SDL\AudioMixer.cpp">
      <Filter>Audio\SDL</Filter>
    </ClCompile>
    <ClCompile Include="Input\DirectX\DXKeyboardInputProvider.cpp">
      <Filter>Input\DirectX</Filter>
    </ClCompile>
    <ClCompile Include="Input\DirectX\DXMouseInputProvider.cpp">
      <Filter>Input\DirectX</Filter>
    </ClCompile>
    <ClCompile Include="Render\DX12\RenderBackend.cpp">
      <Filter>Render\DX12</Filter>
    </ClCompile>
    <ClCompile Include="Render\DX12\SwapChainPresenter.cpp">
      <Filter>Render\DX12</Filter>
    </ClCompile>
    <ClCompile Include="Asset\Loader\StaticSoundTable.cpp">
      <Filter>Asset\Loader</Filter>
    </ClCompile>
    <ClCompile Include="Asset\Loader\SoundDesc.cpp">
      <Filter>Asset\Loader</Filter>
    </ClCompile>
    <ClCompile Include="Asset\Loader\StreamSoundTable.cpp">
      <Filter>Asset\Loader</Filter>
    </ClCompile>
    <ClCompile Include="Asset\Loader\Sound\OggStaticLoader.cpp">
      <Filter>Asset\Loader\Sound</Filter>
    </ClCompile>
    <ClCompile Include="Asset\Loader\Sound\WavStaticLoader.cpp">
      <Filter>Asset\Loader\Sound</Filter>
    </ClCompile>
    <ClCompile Include="Asset\Loader\Sound\AudioProcessing.cpp">
      <Filter>Asset\Loader\Sound</Filter>
    </ClCompile>
    <ClCompile Include="Asset\Loader\Sound\VorbisDecoder.cpp">
      <Filter>Asset\Loader\Sound</Filter>
    </ClCompile>
    <ClCompile Include="Audio\SDL\Stream\VorbisStreamCallbacks.cpp">
      <Filter>Audio\SDL\Stream</Filter>
    </ClCompile>
    <ClCompile Include="Asset\Loader\Sound\OggStreamLoader.cpp">
      <Filter>Asset\Loader\Sound</Filter>
    </ClCompile>
    <ClCompile Include="Asset\Loader\Graphics\PngTextureLoader.cpp">
      <Filter>Asset\Loader\Graphics</Filter>
    </ClCompile>
    <ClCompile Include="Asset\Loader\Graphics\MeshJsonLoader.cpp">
      <Filter>Asset\Loader\Graphics</Filter>
    </ClCompile>
    <ClCompile Include="Asset\Loader\Graphics\HLSLShaderLoader.cpp">
      <Filter>Asset\Loader\Graphics</Filter>
    </ClCompile>
    <ClCompile Include="Render\DX12\Helpers\MathHelpers.cpp">
      <Filter>Render\DX12\Helpers</Filter>
    </ClCompile>
    <ClCompile Include="Render\DX12\Command\CommandList.cpp">
      <Filter>Render\DX12\Command</Filter>
    </ClCompile>
    <ClCompile Include="Render\DX12\Command\CommandQueue.cpp">
      <Filter>Render\DX12\Command</Filter>
    </ClCompile>
    <ClCompile Include="Render\DX12\Command\CommandScheduler.cpp">
      <Filter>Render\DX12\Command</Filter>
    </ClCompile>
    <ClCompile Include="Render\DX12\Resource\Resource.cpp">
      <Filter>Render\DX12\Resource</Filter>
    </ClCompile>
    <ClCompile Include="Render\DX12\Resource\ShadowResource.cpp">
      <Filter>Render\DX12\Resource</Filter>
    </ClCompile>
    <ClCompile Include="Render\DX12\Graph\TaskScheduler.cpp">
      <Filter>Render\DX12\Graph</Filter>
    </ClCompile>
    <ClCompile Include="Render\DX12\Pipeline\DebugSurfaceGraphBuilder.cpp">
      <Filter>Render\DX12\Pipeline</Filter>
    </ClCompile>
    <ClCompile Include="Render\DX12\Pipeline\ForwardRenderPipeline.cpp">
      <Filter>Render\DX12\Pipeline</Filter>
    </ClCompile>
    <ClCompile Include="Render\DX12\Pipeline\OpaqueGraphBuilder.cpp">
      <Filter>Render\DX12\Pipeline</Filter>
    </ClCompile>
    <ClCompile Include="Render\DX12\Pipeline\ShadowGraphBuilder.cpp">
      <Filter>Render\DX12\Pipeline</Filter>
    </ClCompile>
    <ClCompile Include="Render\DX12\Pipeline\UIGraphBuilder.cpp">
      <Filter>Render\DX12\Pipeline</Filter>
    </ClCompile>
    <ClCompile Include="Render\DX12\Core\DebugHelper.cpp">
      <Filter>Render\DX12\Core</Filter>
    </ClCompile>
    <ClCompile Include="Render\DX12\Core\Device.cpp">
      <Filter>Render\DX12\Core</Filter>
    </ClCompile>
    <ClCompile Include="Render\DX12\Core\DX12Link.cpp">
      <Filter>Render\DX12\Core</Filter>
    </ClCompile>
    <ClCompile Include="Render\DX12\Core\FrameProfiler.cpp">
      <Filter>Render\DX12\Core</Filter>
    </ClCompile>
    <ClCompile Include="Render\DX12\Scene\RenderScene.cpp">
      <Filter>Render\DX12\Scene</Filter>
    </ClCompile>
    <ClCompile Include="Render\DX12\Scene\RenderSortKey.cpp">
      <Filter>Render\DX12\Scene</Filter>
    </ClCompile>
    <ClCompile Include="Render\DX12\Resource\Material\GridMaterialResource.cpp">
      <Filter>Render\DX12\Resource\Material</Filter>
    </ClCompile>
    <ClCompile Include="Render\DX12\Resource\Material\MaterialResource.cpp">
      <Filter>Render\DX12\Resource\Material</Filter>
    </ClCompile>
    <ClCompile Include="Render\DX12\Resource\Material\PbrMaterialResource.cpp">
      <Filter>Render\DX12\Resource\Material</Filter>
    </ClCompile>
    <ClCompile Include="Render\DX12\Resource\Material\PhongMaterialResource.cpp">
      <Filter>Render\DX12\Resource\Material</Filter>
    </ClCompile>
    <ClCompile Include="Render\DX12\Resource\Material\UIMaterialResource.cpp">
      <Filter>Render\DX12\Resource\Material</Filter>
    </ClCompile>
    <ClCompile Include="Render\DX12\Resource\Texture\TextureResource.cpp">
      <Filter>Render\DX12\Resource\Texture</Filter>
    </ClCompile>
    <ClCompile Include="Render\DX12\Core\D3D12Conversions.cpp">
      <Filter>Render\DX12\Core</Filter>
    </ClCompile>
    <ClCompile Include="Render\DX12\Factory\DescriptorFactory.cpp">
      <Filter>Render\DX12\Factory</Filter>
    </ClCompile>
    <ClCompile Include="Render\DX12\Factory\ResourceFactory.cpp">
      <Filter>Render\DX12\Factory</Filter>
    </ClCompile>
    <ClCompile Include="Render\DX12\Pipeline\Renderer\DebugSurfaceRenderer.cpp">
      <Filter>Render\DX12\Pipeline\Renderer</Filter>
    </ClCompile>
    <ClCompile Include="Render\DX12\Pipeline\Renderer\PipelineCache.cpp">
      <Filter>Render\DX12\Pipeline\Renderer</Filter>
    </ClCompile>
    <ClCompile Include="Render\DX12\Pipeline\Renderer\Renderers.cpp">
      <Filter>Render\DX12\Pipeline\Renderer</Filter>
    </ClCompile>
    <ClCompile Include="Render\DX12\Pipeline\Renderer\RootSignatureBuilder.cpp">
      <Filter>Render\DX12\Pipeline\Renderer</Filter>
    </ClCompile>
    <ClCompile Include="Render\DX12\Pipeline\Renderer\ShadowRenderer.cpp">
      <Filter>Render\DX12\Pipeline\Renderer</Filter>
    </ClCompile>
    <ClCompile Include="Render\DX12\Pipeline\Renderer\SurfaceRenderer.cpp">
      <Filter>Render\DX12\Pipeline\Renderer</Filter>
    </ClCompile>
    <ClCompile Include="Render\DX12\Pipeline\Renderer\UIRenderer.cpp">
      <Filter>Render\DX12\Pipeline\Renderer</Filter>
    </ClCompile>
    <ClCompile Include="Render\DX12\Shader\ShaderLibrary.cpp">
      <Filter>Render\DX12\Shader</Filter>
    </ClCompile>
    <ClCompile Include="Render\DX12\RenderFrame.cpp">
      <Filter>Render\DX12</Filter>
    </ClCompile>
    <ClCompile Include="Render\DX12\Provider\Material\MaterialProvider.cpp">
      <Filter>Render\DX12\Provider\Material</Filter>
    </ClCompile>
    <ClCompile Include="Render\DX12\Provider\Mesh\MeshCreateGraphBuilder.cpp">
      <Filter>Render\DX12\Provider\Mesh</Filter>
    </ClCompile>
    <ClCompile Include="Render\DX12\Provider\Mesh\MeshProvider.cpp">
      <Filter>Render\DX12\Provider\Mesh</Filter>
    </ClCompile>
    <ClCompile Include="Render\DX12\Provider\Mesh\MeshRegistry.cpp">
      <Filter>Render\DX12\Provider\Mesh</Filter>
    </ClCompile>
    <ClCompile Include="Render\DX12\Provider\Mesh\MeshUtils.cpp">
      <Filter>Render\DX12\Provider\Mesh</Filter>
    </ClCompile>
    <ClCompile Include="Render\DX12\Provider\Texture\MipGenerator.cpp">
      <Filter>Render\DX12\Provider\Texture</Filter>
    </ClCompile>
    <ClCompile Include="Render\DX12\Provider\Texture\TextureCreateGraphBuilder.cpp">
      <Filter>Render\DX12\Provider\Texture</Filter>
    </ClCompile>
    <ClCompile Include="Render\DX12\Provider\Texture\TextureProvider.cpp">
      <Filter>Render\DX12\Provider\Texture</Filter>
    </ClCompile>
    <ClCompile Include="Render\DX12\Provider\Texture\TextureRegistry.cpp">
      <Filter>Render\DX12\Provider\Texture</Filter>
    </ClCompile>
    <ClCompile Include="Render\DX12\Helpers\TextureHelpers.cpp">
      <Filter>Render\DX12\Helpers</Filter>
    </ClCompile>
    <ClCompile Include="Render\DX12\Provider\Texture\TextureUtils.cpp">
      <Filter>Render\DX12\Provider\Texture</Filter>
    </ClCompile>
    <ClCompile Include="Render\DX12\ResourceProvider.cpp">
      <Filter>Render\DX12</Filter>
    </ClCompile>
    <ClCompile Include="Render\DX12\Graph\RenderGraph.cpp">
      <Filter>Render\DX12\Graph</Filter>
    </ClCompile>
    <ClCompile Include="Render\DX12\Graph\BarrierBuilder.cpp">
      <Filter>Render\DX12\Graph</Filter>
    </ClCompile>
    <ClCompile Include="Render\DX12\Graph\RenderGraphUtils.cpp">
      <Filter>Render\DX12\Graph</Filter>
    </ClCompile>
    <ClCompile Include="Render\DX12\Graph\TaskUtils.cpp">
      <Filter>Render\DX12\Graph</Filter>
    </ClCompile>
    <ClCompile Include="Render\DX12\Provider\ResourceReleaseBuilder.cpp">
      <Filter>Render\DX12\Provider</Filter>
    </ClCompile>
    <ClCompile Include="Render\DX12\Provider\Font\FontProvider.cpp">
      <Filter>Render\DX12\Provider\Font</Filter>
    </ClCompile>
    <ClCompile Include="Render\DX12\Resource\Font\FontResource.cpp">
      <Filter>Render\DX12\Resource\Font</Filter>
    </ClCompile>
    <ClCompile Include="Render\DX12\Core\FreeTypeLibrary.cpp">
      <Filter>Render\DX12\Core</Filter>
    </ClCompile>
    <ClCompile Include="Asset\Loader\Graphics\FontLoader.cpp">
      <Filter>Asset\Loader\Graphics</Filter>
    </ClCompile>
    <ClCompile Include="Render\DX12\TextSystem\TextSystem.cpp">
      <Filter>Render\DX12\TextSystem</Filter>
    </ClCompile>
    <ClCompile Include="Render\DX12\Allocator\BindlessDescriptorAllocator.cpp">
      <Filter>Render\DX12\Allocator</Filter>
    </ClCompile>
    <ClCompile Include="Render\DX12\Allocator\FrameConstantAllocator.cpp">
      <Filter>Render\DX12\Allocator</Filter>
    </ClCompile>
    <ClCompile Include="Render\DX12\Allocator\FrameUploadAllocator.cpp">
      <Filter>Render\DX12\Allocator</Filter>
    </ClCompile>
    <ClCompile Include="Render\DX12\Resource\Mesh\StaticMeshResource.cpp">
      <Filter>Render\DX12\Resource\Mesh</Filter>
    </ClCompile>
    <ClCompile Include="Render\DX12\Resource\Mesh\TransientMeshResource.cpp">
      <Filter>Render\DX12\Resource\Mesh</Filter>
    </ClCompile>
    <ClCompile Include="Render\DX12\Provider\Mesh\TransientMeshProvider.cpp">
      <Filter>Render\DX12\Provider\Mesh</Filter>
    </ClCompile>
    <ClCompile Include="Render\DX12\TextSystem\TextHelpers.cpp">
      <Filter>Render\DX12\TextSystem</Filter>
    </ClCompile>
    <ClCompile Include="Render\DX12\Allocator\FrameUploadPools.cpp">
      <Filter>Render\DX12\Allocator</Filter>
    </ClCompile>
    <ClCompile Include="Render\DX12\Inspector\Inspector.cpp">
      <Filter>Render\DX12\Inspector</Filter>
    </ClCompile>
    <ClCompile Include="Render\DX12\Inspector\InspectorGraphBuilder.cpp">
      <Filter>Render\DX12\Inspector</Filter>
    </ClCompile>
    <ClCompile Include="Render\DX12\Inspector\InspectorImageRenderer.cpp">
      <Filter>Render\DX12\Inspector</Filter>
    </ClCompile>
    <ClCompile Include="Render\DX12\Inspector\InspectorRenderers.cpp">
      <Filter>Render\DX12\Inspector</Filter>
    </ClCompile>
    <ClCompile Include="Render\DX12\Allocator\DescriptorAllocator.cpp">
      <Filter>Render\DX12\Allocator</Filter>
    </ClCompile>
    <ClCompile Include="Render\DX12\TextSystem\Builder\FontAtlasUploadGraphBuilder.cpp">
      <Filter>Render\DX12\TextSystem\Builder</Filter>
    </ClCompile>
    <ClCompile Include="Render\DX12\TextSystem\Builder\TextMeshBuilder.cpp">
      <Filter>Render\DX12\TextSystem\Builder</Filter>
    </ClCompile>
    <ClCompile Include="Render\DX12\TextSystem\Atlas\AtlasPacker.cpp">
      <Filter>Render\DX12\TextSystem\Atlas</Filter>
    </ClCompile>
    <ClCompile Include="Render\DX12\TextSystem\Atlas\AtlasPage.cpp">
      <Filter>Render\DX12\TextSystem\Atlas</Filter>
    </ClCompile>
    <ClCompile Include="Render\DX12\TextSystem\Atlas\FontAtlas.cpp">
      <Filter>Render\DX12\TextSystem\Atlas</Filter>
    </ClCompile>
    <ClCompile Include="Render\DX12\TextSystem\Atlas\GlyphCache.cpp">
      <Filter>Render\DX12\TextSystem\Atlas</Filter>
    </ClCompile>
    <ClCompile Include="Render\DX12\TextSystem\Atlas\Glyph\BitmapGlyphGenerator.cpp">
      <Filter>Render\DX12\TextSystem\Atlas\Glyph</Filter>
    </ClCompile>
    <ClCompile Include="Render\DX12\TextSystem\Atlas\Glyph\SDFGlyphGenerator.cpp">
      <Filter>Render\DX12\TextSystem\Atlas\Glyph</Filter>
    </ClCompile>
    <ClCompile Include="Render\DX12\TextSystem\Atlas\Glyph\SimpleSDFGlyphGenerator.cpp">
      <Filter>Render\DX12\TextSystem\Atlas\Glyph</Filter>
    </ClCompile>
    <ClCompile Include="Render\DX12\TextSystem\Atlas\BitmapFontAtlasBucket.cpp">
      <Filter>Render\DX12\TextSystem\Atlas</Filter>
    </ClCompile>
    <ClCompile Include="Render\DX12\TextSystem\Atlas\SDFFontAtlasBucket.cpp">
      <Filter>Render\DX12\TextSystem\Atlas</Filter>
    </ClCompile>
  </ItemGroup>
</Project>