<?xml version="1.0" encoding="utf-8"?>
<Project ToolsVersion="4.0" xmlns="http://schemas.microsoft.com/developer/msbuild/2003">
  <ItemGroup>
    <Filter Include="Storage">
      <UniqueIdentifier>{37b176a5-f988-4eaa-806f-4228547eca3a}</UniqueIdentifier>
    </Filter>
    <Filter Include="Storage\Json">
      <UniqueIdentifier>{a736aea1-47e9-4bdf-86ca-94f79f6fdcc5}</UniqueIdentifier>
    </Filter>
    <Filter Include="Input">
      <UniqueIdentifier>{67c16c86-4c2e-4bb7-97ee-b3a65f62cd7d}</UniqueIdentifier>
    </Filter>
    <Filter Include="Audio">
      <UniqueIdentifier>{ae7d1d6c-edd8-418b-a724-69195d6a2294}</UniqueIdentifier>
    </Filter>
    <Filter Include="Audio\SDL">
      <UniqueIdentifier>{00b23d60-3cf3-412a-8c65-4184d7cfbdf6}</UniqueIdentifier>
    </Filter>
    <Filter Include="Input\DirectX">
      <UniqueIdentifier>{e04d1abe-6276-4378-90a5-5de3c0cf4d57}</UniqueIdentifier>
    </Filter>
    <Filter Include="Audio\SDL\Serializer">
      <UniqueIdentifier>{27e0b79f-9fae-4c0a-afe0-3c895bddc645}</UniqueIdentifier>
    </Filter>
    <Filter Include="Audio\SDL\Serializer\Format">
      <UniqueIdentifier>{e41a2911-1c00-4afe-9823-d076b12c217f}</UniqueIdentifier>
    </Filter>
    <Filter Include="Audio\SDL\Sounds">
      <UniqueIdentifier>{253845c1-4090-459a-b709-65b8d8788121}</UniqueIdentifier>
    </Filter>
    <Filter Include="Audio\SDL\Sounds\Effect">
      <UniqueIdentifier>{0efd3162-8720-49ee-8912-5aa9d0836d18}</UniqueIdentifier>
    </Filter>
    <Filter Include="Audio\SDL\Sounds\Normal">
      <UniqueIdentifier>{63184b9f-a282-464e-96e4-0ba789befda2}</UniqueIdentifier>
    </Filter>
    <Filter Include="Audio\SDL\Sounds\Stream">
      <UniqueIdentifier>{bedc0675-d4c2-40b8-afae-5306ec2242eb}</UniqueIdentifier>
    </Filter>
  </ItemGroup>
  <ItemGroup>
    <ClInclude Include="Storage\JsonObjectIO.h">
      <Filter>Storage</Filter>
    </ClInclude>
    <ClInclude Include="pch.h" />
    <ClInclude Include="Input\IInputManager.h">
      <Filter>Input</Filter>
    </ClInclude>
    <ClInclude Include="Audio\AudioTypeHelpers.h">
      <Filter>Audio</Filter>
    </ClInclude>
    <ClInclude Include="Audio\AudioTypes.h">
      <Filter>Audio</Filter>
    </ClInclude>
    <ClInclude Include="Audio\IAudioManager.h">
      <Filter>Audio</Filter>
    </ClInclude>
    <ClInclude Include="Audio\SDL\SDLAudioManager.h">
      <Filter>Audio\SDL</Filter>
    </ClInclude>
    <ClInclude Include="Input\DirectX\InputManager.h">
      <Filter>Input\DirectX</Filter>
    </ClInclude>
    <ClInclude Include="Audio\SDL\Serializer\Serializer.h">
      <Filter>Audio\SDL\Serializer</Filter>
    </ClInclude>
    <ClInclude Include="Audio\SDL\Serializer\Format\Traits.h">
      <Filter>Audio\SDL\Serializer\Format</Filter>
    </ClInclude>
    <ClInclude Include="Audio\SDL\Sounds\Effect\EffectSound.h">
      <Filter>Audio\SDL\Sounds\Effect</Filter>
    </ClInclude>
    <ClInclude Include="Audio\SDL\Sounds\Effect\EffectSoundBuffer.h">
      <Filter>Audio\SDL\Sounds\Effect</Filter>
    </ClInclude>
    <ClInclude Include="Audio\SDL\Sounds\Normal\NormalSound.h">
      <Filter>Audio\SDL\Sounds\Normal</Filter>
    </ClInclude>
    <ClInclude Include="Audio\SDL\Sounds\Normal\NormalSoundBuffer.h">
      <Filter>Audio\SDL\Sounds\Normal</Filter>
    </ClInclude>
    <ClInclude Include="Audio\SoundInfo.h">
      <Filter>Audio</Filter>
    </ClInclude>
    <ClInclude Include="Audio\SoundTable.h">
      <Filter>Audio</Filter>
    </ClInclude>
    <ClInclude Include="Audio\AudioService.h">
      <Filter>Audio</Filter>
    </ClInclude>
    <ClInclude Include="Audio\IAudioBackend.h">
      <Filter>Audio</Filter>
    </ClInclude>
    <ClInclude Include="Audio\SDL\SDLAudioBackend.h">
      <Filter>Audio\SDL</Filter>
    </ClInclude>
    <ClInclude Include="Audio\SDL\AudioFormat.h">
      <Filter>Audio\SDL</Filter>
    </ClInclude>
    <ClInclude Include="Audio\SDL\Sounds\Stream\StreamSound.h">
      <Filter>Audio\SDL\Sounds\Stream</Filter>
    </ClInclude>
    <ClInclude Include="Audio\SDL\Sounds\Stream\StreamSoundInstance.h">
      <Filter>Audio\SDL\Sounds\Stream</Filter>
    </ClInclude>
    <ClInclude Include="Audio\SDL\Sounds\Stream\VorbisStreamCallbacks.h">
      <Filter>Audio\SDL\Sounds\Stream</Filter>
    </ClInclude>
    <ClInclude Include="Audio\SDL\Sounds\Stream\AudioDevice.h">
      <Filter>Audio\SDL\Sounds\Stream</Filter>
    </ClInclude>
  </ItemGroup>
  <ItemGroup>
    <ClCompile Include="pch.cpp" />
    <ClCompile Include="Audio\SDL\SDLAudioManager.cpp">
      <Filter>Audio\SDL</Filter>
    </ClCompile>
    <ClCompile Include="Input\DirectX\InputManager.cpp">
      <Filter>Input\DirectX</Filter>
    </ClCompile>
    <ClCompile Include="Audio\SDL\Serializer\Format\Traits.cpp">
      <Filter>Audio\SDL\Serializer\Format</Filter>
    </ClCompile>
    <ClCompile Include="Audio\SDL\Sounds\Effect\EffectSound.cpp">
      <Filter>Audio\SDL\Sounds\Effect</Filter>
    </ClCompile>
    <ClCompile Include="Audio\SDL\Sounds\Effect\EffectSoundBuffer.cpp">
      <Filter>Audio\SDL\Sounds\Effect</Filter>
    </ClCompile>
    <ClCompile Include="Audio\SDL\Sounds\Normal\NormalSound.cpp">
      <Filter>Audio\SDL\Sounds\Normal</Filter>
    </ClCompile>
    <ClCompile Include="Audio\SDL\Sounds\Normal\NormalSoundBuffer.cpp">
      <Filter>Audio\SDL\Sounds\Normal</Filter>
    </ClCompile>
    <ClCompile Include="Audio\SoundInfo.cpp">
      <Filter>Audio</Filter>
    </ClCompile>
    <ClCompile Include="Audio\SoundTable.cpp">
      <Filter>Audio</Filter>
    </ClCompile>
    <ClCompile Include="Audio\AudioService.cpp">
      <Filter>Audio</Filter>
    </ClCompile>
    <ClCompile Include="Audio\SDL\SDLAudioBackend.cpp">
      <Filter>Audio\SDL</Filter>
    </ClCompile>
    <ClCompile Include="Audio\SDL\AudioFormat.cpp">
      <Filter>Audio\SDL</Filter>
    </ClCompile>
    <ClCompile Include="Audio\SDL\Sounds\Stream\StreamSound.cpp">
      <Filter>Audio\SDL\Sounds\Stream</Filter>
    </ClCompile>
    <ClCompile Include="Audio\SDL\Sounds\Stream\StreamSoundInstance.cpp">
      <Filter>Audio\SDL\Sounds\Stream</Filter>
    </ClCompile>
    <ClCompile Include="Audio\SDL\Sounds\Stream\VorbisStreamCallbacks.cpp">
      <Filter>Audio\SDL\Sounds\Stream</Filter>
    </ClCompile>
    <ClCompile Include="Audio\SDL\Sounds\Stream\AudioDevice.cpp">
      <Filter>Audio\SDL\Sounds\Stream</Filter>
    </ClCompile>
  </ItemGroup>
</Project>