<?xml version="1.0" encoding="utf-8"?>
<Project ToolsVersion="4.0" xmlns="http://schemas.microsoft.com/developer/msbuild/2003">
  <ItemGroup>
    <Filter Include="Storage">
      <UniqueIdentifier>{37b176a5-f988-4eaa-806f-4228547eca3a}</UniqueIdentifier>
    </Filter>
    <Filter Include="Storage\Json">
      <UniqueIdentifier>{a736aea1-47e9-4bdf-86ca-94f79f6fdcc5}</UniqueIdentifier>
    </Filter>
    <Filter Include="Input">
      <UniqueIdentifier>{67c16c86-4c2e-4bb7-97ee-b3a65f62cd7d}</UniqueIdentifier>
    </Filter>
    <Filter Include="Audio">
      <UniqueIdentifier>{ae7d1d6c-edd8-418b-a724-69195d6a2294}</UniqueIdentifier>
    </Filter>
    <Filter Include="Audio\SDL">
      <UniqueIdentifier>{00b23d60-3cf3-412a-8c65-4184d7cfbdf6}</UniqueIdentifier>
    </Filter>
    <Filter Include="Input\DirectX">
      <UniqueIdentifier>{e04d1abe-6276-4378-90a5-5de3c0cf4d57}</UniqueIdentifier>
    </Filter>
    <Filter Include="Audio\SDL\Static">
      <UniqueIdentifier>{6f98a661-4367-4c0c-af70-d71eaedf0cb1}</UniqueIdentifier>
    </Filter>
    <Filter Include="Audio\SDL\Stream">
      <UniqueIdentifier>{a238fae4-8a0d-42f9-b576-da384f094f3c}</UniqueIdentifier>
    </Filter>
    <Filter Include="Render">
      <UniqueIdentifier>{f38fc198-7943-4c01-b22f-725867379203}</UniqueIdentifier>
    </Filter>
    <Filter Include="Render\DX12">
      <UniqueIdentifier>{9705a1b6-dbbc-4a71-a12a-443bf80a7889}</UniqueIdentifier>
    </Filter>
    <Filter Include="Asset">
      <UniqueIdentifier>{19aa7215-d67b-4ef0-856e-aeb4181b4a01}</UniqueIdentifier>
    </Filter>
    <Filter Include="Asset\Loader">
      <UniqueIdentifier>{438a40f3-470d-4394-87f2-1de9c2ef81e2}</UniqueIdentifier>
    </Filter>
    <Filter Include="Asset\Loader\Sound">
      <UniqueIdentifier>{86fee15d-c694-4d46-99c9-caf0cb39370f}</UniqueIdentifier>
    </Filter>
    <Filter Include="Asset\Loader\Graphics">
      <UniqueIdentifier>{b4202579-0679-47f3-9dda-6ed761bc7e62}</UniqueIdentifier>
    </Filter>
  </ItemGroup>
  <ItemGroup>
    <ClInclude Include="Storage\JsonObjectIO.h">
      <Filter>Storage</Filter>
    </ClInclude>
    <ClInclude Include="pch.h" />
    <ClInclude Include="Input\IInputManager.h">
      <Filter>Input</Filter>
    </ClInclude>
    <ClInclude Include="Input\DirectX\InputManager.h">
      <Filter>Input\DirectX</Filter>
    </ClInclude>
    <ClInclude Include="Audio\SDL\SDLAudioBackend.h">
      <Filter>Audio\SDL</Filter>
    </ClInclude>
    <ClInclude Include="Audio\SDL\AudioFormat.h">
      <Filter>Audio\SDL</Filter>
    </ClInclude>
    <ClInclude Include="Audio\SDL\Static\StaticSoundBuffer.h">
      <Filter>Audio\SDL\Static</Filter>
    </ClInclude>
    <ClInclude Include="Audio\SDL\Static\StaticSoundInstance.h">
      <Filter>Audio\SDL\Static</Filter>
    </ClInclude>
    <ClInclude Include="Audio\SDL\Stream\StreamSoundBuffer.h">
      <Filter>Audio\SDL\Stream</Filter>
    </ClInclude>
    <ClInclude Include="Audio\SDL\Stream\StreamSoundInstance.h">
      <Filter>Audio\SDL\Stream</Filter>
    </ClInclude>
    <ClInclude Include="Audio\SDL\AudioDevice.h">
      <Filter>Audio\SDL</Filter>
    </ClInclude>
    <ClInclude Include="Audio\SDL\AudioMixer.h">
      <Filter>Audio\SDL</Filter>
    </ClInclude>
    <ClInclude Include="Audio\SDL\SDLAudioConfig.h">
      <Filter>Audio\SDL</Filter>
    </ClInclude>
    <ClInclude Include="Input\DirectX\DXKeyboardInputProvider.h">
      <Filter>Input\DirectX</Filter>
    </ClInclude>
    <ClInclude Include="Input\DirectX\DXKeyMap.h">
      <Filter>Input\DirectX</Filter>
    </ClInclude>
    <ClInclude Include="Input\DirectX\DXMouseInputProvider.h">
      <Filter>Input\DirectX</Filter>
    </ClInclude>
    <ClInclude Include="Render\DX12\BuildConfig.h">
      <Filter>Render\DX12</Filter>
    </ClInclude>
    <ClInclude Include="Render\DX12\Debug.h">
      <Filter>Render\DX12</Filter>
    </ClInclude>
    <ClInclude Include="Render\DX12\RenderBackend.h">
      <Filter>Render\DX12</Filter>
    </ClInclude>
    <ClInclude Include="Render\DX12\DebugHelper.h">
      <Filter>Render\DX12</Filter>
    </ClInclude>
    <ClInclude Include="Render\DX12\DX12Core.h">
      <Filter>Render\DX12</Filter>
    </ClInclude>
    <ClInclude Include="Render\DX12\SwapChainPresenter.h">
      <Filter>Render\DX12</Filter>
    </ClInclude>
    <ClInclude Include="Render\DX12\CommandScheduler.h">
      <Filter>Render\DX12</Filter>
    </ClInclude>
    <ClInclude Include="Render\DX12\QuadRenderer.h">
      <Filter>Render\DX12</Filter>
    </ClInclude>
    <ClInclude Include="Render\DX12\ResourceLoader.h">
      <Filter>Render\DX12</Filter>
    </ClInclude>
    <ClInclude Include="Render\DX12\TempVertex.h">
      <Filter>Render\DX12</Filter>
    </ClInclude>
    <ClInclude Include="Render\DX12\CommandUtils.h">
      <Filter>Render\DX12</Filter>
    </ClInclude>
    <ClInclude Include="Render\DX12\CommandList.h">
      <Filter>Render\DX12</Filter>
    </ClInclude>
    <ClInclude Include="Render\DX12\DebugOptions.h">
      <Filter>Render\DX12</Filter>
    </ClInclude>
    <ClInclude Include="Render\DX12\DescriptorAllocator.h">
      <Filter>Render\DX12</Filter>
    </ClInclude>
    <ClInclude Include="Render\DX12\CommandQueue.h">
      <Filter>Render\DX12</Filter>
    </ClInclude>
    <ClInclude Include="Asset\Loader\JsonLoader.h">
      <Filter>Asset\Loader</Filter>
    </ClInclude>
    <ClInclude Include="Asset\Loader\Sound\OggStaticLoader.h">
      <Filter>Asset\Loader\Sound</Filter>
    </ClInclude>
    <ClInclude Include="Asset\Loader\Sound\WavStaticLoader.h">
      <Filter>Asset\Loader\Sound</Filter>
    </ClInclude>
    <ClInclude Include="Asset\Loader\Sound\AudioProcessing.h">
      <Filter>Asset\Loader\Sound</Filter>
    </ClInclude>
    <ClInclude Include="Asset\Loader\Sound\VorbisDecoder.h">
      <Filter>Asset\Loader\Sound</Filter>
    </ClInclude>
    <ClInclude Include="Audio\SDL\Stream\VorbisStreamCallbacks.h">
      <Filter>Audio\SDL\Stream</Filter>
    </ClInclude>
    <ClInclude Include="Asset\Loader\Sound\OggStreamLoader.h">
      <Filter>Asset\Loader\Sound</Filter>
    </ClInclude>
    <ClInclude Include="Render\DX12\TextureResource.h">
      <Filter>Render\DX12</Filter>
    </ClInclude>
    <ClInclude Include="Render\DX12\FenceTypes.h">
      <Filter>Render\DX12</Filter>
    </ClInclude>
    <ClInclude Include="Render\DX12\PendingTransition.h">
      <Filter>Render\DX12</Filter>
    </ClInclude>
    <ClInclude Include="Render\DX12\MipGenerator.h">
      <Filter>Render\DX12</Filter>
    </ClInclude>
    <ClInclude Include="Render\DX12\DescriptorAllocation.h">
      <Filter>Render\DX12</Filter>
    </ClInclude>
    <ClInclude Include="Render\DX12\CommandType.h">
      <Filter>Render\DX12</Filter>
    </ClInclude>
    <ClInclude Include="Render\DX12\TaskScheduler.h">
      <Filter>Render\DX12</Filter>
    </ClInclude>
    <ClInclude Include="Render\DX12\MipTask.h">
      <Filter>Render\DX12</Filter>
    </ClInclude>
    <ClInclude Include="Render\DX12\TaskNode.h">
      <Filter>Render\DX12</Filter>
    </ClInclude>
    <ClInclude Include="Render\DX12\Task.h">
      <Filter>Render\DX12</Filter>
    </ClInclude>
    <ClInclude Include="Render\DX12\TaskHandle.h">
      <Filter>Render\DX12</Filter>
    </ClInclude>
    <ClInclude Include="Render\DX12\RenderGraph.h">
      <Filter>Render\DX12</Filter>
    </ClInclude>
    <ClInclude Include="Render\DX12\RGTypes.h">
      <Filter>Render\DX12</Filter>
    </ClInclude>
    <ClInclude Include="Render\DX12\RenderPass.h">
      <Filter>Render\DX12</Filter>
    </ClInclude>
    <ClInclude Include="Render\DX12\TextureRegistry.h">
      <Filter>Render\DX12</Filter>
    </ClInclude>
    <ClInclude Include="Render\DX12\TextureGraphBuilder.h">
      <Filter>Render\DX12</Filter>
    </ClInclude>
    <ClInclude Include="Render\DX12\TextureSystem.h">
      <Filter>Render\DX12</Filter>
    </ClInclude>
    <ClInclude Include="Render\DX12\DescriptorFactory.h">
      <Filter>Render\DX12</Filter>
    </ClInclude>
    <ClInclude Include="Asset\Loader\Graphics\PngTextureLoader.h">
      <Filter>Asset\Loader\Graphics</Filter>
    </ClInclude>
    <ClInclude Include="Asset\Loader\Graphics\MeshJsonLoader.h">
      <Filter>Asset\Loader\Graphics</Filter>
    </ClInclude>
    <ClInclude Include="Render\DX12\MeshSystem.h">
      <Filter>Render\DX12</Filter>
    </ClInclude>
    <ClInclude Include="Render\DX12\MeshResource.h">
      <Filter>Render\DX12</Filter>
    </ClInclude>
    <ClInclude Include="Render\DX12\MeshGraphBuilder.h">
      <Filter>Render\DX12</Filter>
    </ClInclude>
    <ClInclude Include="Render\DX12\MeshRenderer.h">
      <Filter>Render\DX12</Filter>
    </ClInclude>
    <ClInclude Include="Render\DX12\MeshRegistry.h">
      <Filter>Render\DX12</Filter>
    </ClInclude>
    <ClInclude Include="Render\DX12\GPUProfiler.h">
      <Filter>Render\DX12</Filter>
    </ClInclude>
    <ClInclude Include="Render\DX12\TextureLoadRequest.h">
      <Filter>Render\DX12</Filter>
    </ClInclude>
    <ClInclude Include="Render\DX12\DX12Utils.h">
      <Filter>Render\DX12</Filter>
    </ClInclude>
    <ClInclude Include="Render\DX12\MeshLoadRequest.h">
      <Filter>Render\DX12</Filter>
    </ClInclude>
    <ClInclude Include="Render\DX12\RenderScene.h">
      <Filter>Render\DX12</Filter>
    </ClInclude>
    <ClInclude Include="Render\DX12\OpaqueGraphBuilder.h">
      <Filter>Render\DX12</Filter>
    </ClInclude>
    <ClInclude Include="Render\DX12\PrepareGraphBuilder.h">
      <Filter>Render\DX12</Filter>
    </ClInclude>
    <ClInclude Include="Render\DX12\PresentGraphBuilder.h">
      <Filter>Render\DX12</Filter>
    </ClInclude>
    <ClInclude Include="Render\DX12\PrimitiveMeshFactory.h">
      <Filter>Render\DX12</Filter>
    </ClInclude>
    <ClInclude Include="Render\DX12\UIGraphBuilder.h">
      <Filter>Render\DX12</Filter>
    </ClInclude>
  </ItemGroup>
  <ItemGroup>
    <ClCompile Include="pch.cpp" />
    <ClCompile Include="Input\DirectX\InputManager.cpp">
      <Filter>Input\DirectX</Filter>
    </ClCompile>
    <ClCompile Include="Audio\SDL\SDLAudioBackend.cpp">
      <Filter>Audio\SDL</Filter>
    </ClCompile>
    <ClCompile Include="Audio\SDL\AudioFormat.cpp">
      <Filter>Audio\SDL</Filter>
    </ClCompile>
    <ClCompile Include="Audio\SDL\Static\StaticSoundBuffer.cpp">
      <Filter>Audio\SDL\Static</Filter>
    </ClCompile>
    <ClCompile Include="Audio\SDL\Static\StaticSoundInstance.cpp">
      <Filter>Audio\SDL\Static</Filter>
    </ClCompile>
    <ClCompile Include="Audio\SDL\Stream\StreamSoundBuffer.cpp">
      <Filter>Audio\SDL\Stream</Filter>
    </ClCompile>
    <ClCompile Include="Audio\SDL\Stream\StreamSoundInstance.cpp">
      <Filter>Audio\SDL\Stream</Filter>
    </ClCompile>
    <ClCompile Include="Audio\SDL\AudioDevice.cpp">
      <Filter>Audio\SDL</Filter>
    </ClCompile>
    <ClCompile Include="Audio\SDL\AudioMixer.cpp">
      <Filter>Audio\SDL</Filter>
    </ClCompile>
    <ClCompile Include="Input\DirectX\DXKeyboardInputProvider.cpp">
      <Filter>Input\DirectX</Filter>
    </ClCompile>
    <ClCompile Include="Input\DirectX\DXMouseInputProvider.cpp">
      <Filter>Input\DirectX</Filter>
    </ClCompile>
    <ClCompile Include="Render\DX12\RenderBackend.cpp">
      <Filter>Render\DX12</Filter>
    </ClCompile>
    <ClCompile Include="Render\DX12\DebugHelper.cpp">
      <Filter>Render\DX12</Filter>
    </ClCompile>
    <ClCompile Include="Render\DX12\DX12Link.cpp">
      <Filter>Render\DX12</Filter>
    </ClCompile>
    <ClCompile Include="Render\DX12\DX12Core.cpp">
      <Filter>Render\DX12</Filter>
    </ClCompile>
    <ClCompile Include="Render\DX12\SwapChainPresenter.cpp">
      <Filter>Render\DX12</Filter>
    </ClCompile>
    <ClCompile Include="Render\DX12\CommandScheduler.cpp">
      <Filter>Render\DX12</Filter>
    </ClCompile>
    <ClCompile Include="Render\DX12\QuadRenderer.cpp">
      <Filter>Render\DX12</Filter>
    </ClCompile>
    <ClCompile Include="Render\DX12\ResourceLoader.cpp">
      <Filter>Render\DX12</Filter>
    </ClCompile>
    <ClCompile Include="Render\DX12\CommandList.cpp">
      <Filter>Render\DX12</Filter>
    </ClCompile>
    <ClCompile Include="Render\DX12\DescriptorAllocator.cpp">
      <Filter>Render\DX12</Filter>
    </ClCompile>
    <ClCompile Include="Render\DX12\CommandQueue.cpp">
      <Filter>Render\DX12</Filter>
    </ClCompile>
    <ClCompile Include="Asset\Loader\StaticSoundTable.cpp">
      <Filter>Asset\Loader</Filter>
    </ClCompile>
    <ClCompile Include="Asset\Loader\SoundDesc.cpp">
      <Filter>Asset\Loader</Filter>
    </ClCompile>
    <ClCompile Include="Asset\Loader\StreamSoundTable.cpp">
      <Filter>Asset\Loader</Filter>
    </ClCompile>
    <ClCompile Include="Asset\Loader\Sound\OggStaticLoader.cpp">
      <Filter>Asset\Loader\Sound</Filter>
    </ClCompile>
    <ClCompile Include="Asset\Loader\Sound\WavStaticLoader.cpp">
      <Filter>Asset\Loader\Sound</Filter>
    </ClCompile>
    <ClCompile Include="Asset\Loader\Sound\AudioProcessing.cpp">
      <Filter>Asset\Loader\Sound</Filter>
    </ClCompile>
    <ClCompile Include="Asset\Loader\Sound\VorbisDecoder.cpp">
      <Filter>Asset\Loader\Sound</Filter>
    </ClCompile>
    <ClCompile Include="Audio\SDL\Stream\VorbisStreamCallbacks.cpp">
      <Filter>Audio\SDL\Stream</Filter>
    </ClCompile>
    <ClCompile Include="Asset\Loader\Sound\OggStreamLoader.cpp">
      <Filter>Asset\Loader\Sound</Filter>
    </ClCompile>
    <ClCompile Include="Render\DX12\TextureResource.cpp">
      <Filter>Render\DX12</Filter>
    </ClCompile>
    <ClCompile Include="Render\DX12\MipGenerator.cpp">
      <Filter>Render\DX12</Filter>
    </ClCompile>
    <ClCompile Include="Render\DX12\DescriptorAllocation.cpp">
      <Filter>Render\DX12</Filter>
    </ClCompile>
    <ClCompile Include="Render\DX12\TaskScheduler.cpp">
      <Filter>Render\DX12</Filter>
    </ClCompile>
    <ClCompile Include="Render\DX12\MipTask.cpp">
      <Filter>Render\DX12</Filter>
    </ClCompile>
    <ClCompile Include="Render\DX12\RenderGraph.cpp">
      <Filter>Render\DX12</Filter>
    </ClCompile>
    <ClCompile Include="Render\DX12\TextureGraphBuilder.cpp">
      <Filter>Render\DX12</Filter>
    </ClCompile>
    <ClCompile Include="Render\DX12\TextureRegistry.cpp">
      <Filter>Render\DX12</Filter>
    </ClCompile>
    <ClCompile Include="Render\DX12\TextureSystem.cpp">
      <Filter>Render\DX12</Filter>
    </ClCompile>
    <ClCompile Include="Render\DX12\DescriptorFactory.cpp">
      <Filter>Render\DX12</Filter>
    </ClCompile>
    <ClCompile Include="Asset\Loader\Graphics\PngTextureLoader.cpp">
      <Filter>Asset\Loader\Graphics</Filter>
    </ClCompile>
    <ClCompile Include="Asset\Loader\Graphics\MeshJsonLoader.cpp">
      <Filter>Asset\Loader\Graphics</Filter>
    </ClCompile>
    <ClCompile Include="Render\DX12\MeshSystem.cpp">
      <Filter>Render\DX12</Filter>
    </ClCompile>
    <ClCompile Include="Render\DX12\MeshGraphBuilder.cpp">
      <Filter>Render\DX12</Filter>
    </ClCompile>
    <ClCompile Include="Render\DX12\MeshRenderer.cpp">
      <Filter>Render\DX12</Filter>
    </ClCompile>
    <ClCompile Include="Render\DX12\MeshResource.cpp">
      <Filter>Render\DX12</Filter>
    </ClCompile>
    <ClCompile Include="Render\DX12\MeshRegistry.cpp">
      <Filter>Render\DX12</Filter>
    </ClCompile>
    <ClCompile Include="Render\DX12\GPUProfiler.cpp">
      <Filter>Render\DX12</Filter>
    </ClCompile>
    <ClCompile Include="Render\DX12\DX12Utils.cpp">
      <Filter>Render\DX12</Filter>
    </ClCompile>
    <ClCompile Include="Render\DX12\RenderScene.cpp">
      <Filter>Render\DX12</Filter>
    </ClCompile>
    <ClCompile Include="Render\DX12\OpaqueGraphBuilder.cpp">
      <Filter>Render\DX12</Filter>
    </ClCompile>
    <ClCompile Include="Render\DX12\PrepareGraphBuilder.cpp">
      <Filter>Render\DX12</Filter>
    </ClCompile>
    <ClCompile Include="Render\DX12\PresentGraphBuilder.cpp">
      <Filter>Render\DX12</Filter>
    </ClCompile>
    <ClCompile Include="Render\DX12\PrimitiveMeshFactory.cpp">
      <Filter>Render\DX12</Filter>
    </ClCompile>
    <ClCompile Include="Render\DX12\UIGraphBuilder.cpp">
      <Filter>Render\DX12</Filter>
    </ClCompile>
  </ItemGroup>
</Project>