<?xml version="1.0" encoding="utf-8"?>
<Project ToolsVersion="4.0" xmlns="http://schemas.microsoft.com/developer/msbuild/2003">
  <ItemGroup>
    <ClInclude Include="pch.h" />
    <ClInclude Include="Utils\Common.h">
      <Filter>Utils</Filter>
    </ClInclude>
    <ClInclude Include="Utils\Profiler.h">
      <Filter>Utils</Filter>
    </ClInclude>
    <ClInclude Include="Utils\GeometryExt.h">
      <Filter>Utils</Filter>
    </ClInclude>
    <ClInclude Include="Utils\StlTypeExt.hpp">
      <Filter>Utils</Filter>
    </ClInclude>
    <ClInclude Include="Utils\StlExt.h">
      <Filter>Utils</Filter>
    </ClInclude>
    <ClInclude Include="Utils\StlExtTraitsConcepts.hpp">
      <Filter>Utils</Filter>
    </ClInclude>
    <ClInclude Include="Utils\StringExt.h">
      <Filter>Utils</Filter>
    </ClInclude>
    <ClInclude Include="Window\Window.h">
      <Filter>Window</Filter>
    </ClInclude>
    <ClInclude Include="Window\WindowProcedure.h">
      <Filter>Window</Filter>
    </ClInclude>
    <ClInclude Include="System\StepTimer.h">
      <Filter>System</Filter>
    </ClInclude>
    <ClInclude Include="Framework\AppLoop.h">
      <Filter>Framework</Filter>
    </ClInclude>
    <ClInclude Include="Framework\Environment.h">
      <Filter>Framework</Filter>
    </ClInclude>
    <ClInclude Include="Framework\Initializer\Application.h">
      <Filter>Framework\Initializer</Filter>
    </ClInclude>
    <ClInclude Include="Framework\Initializer\GoogleTest.h">
      <Filter>Framework\Initializer</Filter>
    </ClInclude>
    <ClInclude Include="Framework\Locator.h">
      <Filter>Framework</Filter>
    </ClInclude>
    <ClInclude Include="Utils\Memory.h">
      <Filter>Utils</Filter>
    </ClInclude>
    <ClInclude Include="System\Audio\SDLAudioManager.h">
      <Filter>System\Audio</Filter>
    </ClInclude>
    <ClInclude Include="System\Public\IAudioManager.h">
      <Filter>System\Public</Filter>
    </ClInclude>
    <ClInclude Include="System\Input\InputManager.h">
      <Filter>System\Input</Filter>
    </ClInclude>
    <ClInclude Include="System\Public\IInputManager.h">
      <Filter>System\Public</Filter>
    </ClInclude>
    <ClInclude Include="Framework\EnvironmentLocator.h">
      <Filter>Framework</Filter>
    </ClInclude>
    <ClInclude Include="System\Audio\EffectSoundBuffer.h">
      <Filter>System\Audio</Filter>
    </ClInclude>
    <ClInclude Include="System\Audio\EffectSound.h">
      <Filter>System\Audio</Filter>
    </ClInclude>
    <ClInclude Include="System\Audio\NormalSound.h">
      <Filter>System\Audio</Filter>
    </ClInclude>
    <ClInclude Include="System\Audio\NormalSoundBuffer.h">
      <Filter>System\Audio</Filter>
    </ClInclude>
    <ClInclude Include="System\Public\AudioTypes.h">
      <Filter>System\Public</Filter>
    </ClInclude>
    <ClInclude Include="Utils\EnumHelpers.h">
      <Filter>Utils</Filter>
    </ClInclude>
    <ClInclude Include="System\Audio\SoundTableReader.h">
      <Filter>System\Audio</Filter>
    </ClInclude>
    <ClInclude Include="System\Audio\SoundTraits.h">
      <Filter>System\Audio</Filter>
    </ClInclude>
    <ClInclude Include="System\Audio\AudioTypeHelpers.h">
      <Filter>System\Audio</Filter>
    </ClInclude>
    <ClInclude Include="System\Audio\ISoundTableReader.h">
      <Filter>System\Audio</Filter>
    </ClInclude>
    <ClInclude Include="Utils\PathUtils.h">
      <Filter>Utils</Filter>
    </ClInclude>
    <ClInclude Include="Foundation\NonCopyable.h">
      <Filter>Foundation</Filter>
    </ClInclude>
    <ClInclude Include="Foundation\NonMovable.h">
      <Filter>Foundation</Filter>
    </ClInclude>
    <ClInclude Include="Foundation\NoCopyNoMove.h">
      <Filter>Foundation</Filter>
    </ClInclude>
    <ClInclude Include="Serializer\KeyConverter\KeyConverter.hpp">
      <Filter>Serializer\KeyConverter</Filter>
    </ClInclude>
    <ClInclude Include="Serializer\Traits\Traits.h">
      <Filter>Serializer\Traits</Filter>
    </ClInclude>
    <ClInclude Include="Serializer\Traits\TraitsHelper.hpp">
      <Filter>Serializer\Traits</Filter>
    </ClInclude>
    <ClInclude Include="Serializer\Storage\FileStorage.h">
      <Filter>Serializer\Storage</Filter>
    </ClInclude>
    <ClInclude Include="Serializer\Storage\IJsonStorage.h">
      <Filter>Serializer\Storage</Filter>
    </ClInclude>
    <ClInclude Include="Serializer\Storage\JsonStorageLocator.h">
      <Filter>Serializer\Storage</Filter>
    </ClInclude>
    <ClInclude Include="Serializer\Storage\MemoryStorage.h">
      <Filter>Serializer\Storage</Filter>
    </ClInclude>
    <ClInclude Include="Serializer\ClassSerializeIO.hpp">
      <Filter>Serializer</Filter>
    </ClInclude>
    <ClInclude Include="Serializer\Concepts.h">
      <Filter>Serializer</Filter>
    </ClInclude>
    <ClInclude Include="Serializer\SerializerIO.h">
      <Filter>Serializer</Filter>
    </ClInclude>
    <ClInclude Include="Serializer\SerializerIO.hpp">
      <Filter>Serializer</Filter>
    </ClInclude>
  </ItemGroup>
  <ItemGroup>
    <ClCompile Include="pch.cpp" />
    <ClCompile Include="Utils\Profiler.cpp">
      <Filter>Utils</Filter>
    </ClCompile>
    <ClCompile Include="Utils\GeometryExt.cpp">
      <Filter>Utils</Filter>
    </ClCompile>
    <ClCompile Include="Utils\StlExt.cpp">
      <Filter>Utils</Filter>
    </ClCompile>
    <ClCompile Include="Utils\StringExt.cpp">
      <Filter>Utils</Filter>
    </ClCompile>
    <ClCompile Include="Window\Window.cpp">
      <Filter>Window</Filter>
    </ClCompile>
    <ClCompile Include="Window\WindowProcedure.cpp">
      <Filter>Window</Filter>
    </ClCompile>
    <ClCompile Include="Framework\AppLoop.cpp">
      <Filter>Framework</Filter>
    </ClCompile>
    <ClCompile Include="Framework\AppLoopWndProc.cpp">
      <Filter>Framework</Filter>
    </ClCompile>
    <ClCompile Include="Framework\Environment.cpp">
      <Filter>Framework</Filter>
    </ClCompile>
    <ClCompile Include="Framework\Initializer\Application.cpp">
      <Filter>Framework\Initializer</Filter>
    </ClCompile>
    <ClCompile Include="Framework\Initializer\GoogleTest.cpp">
      <Filter>Framework\Initializer</Filter>
    </ClCompile>
    <ClCompile Include="System\Audio\SDLAudioManager.cpp">
      <Filter>System\Audio</Filter>
    </ClCompile>
    <ClCompile Include="System\Input\InputManager.cpp">
      <Filter>System\Input</Filter>
    </ClCompile>
    <ClCompile Include="System\Audio\EffectSoundBuffer.cpp">
      <Filter>System\Audio</Filter>
    </ClCompile>
    <ClCompile Include="System\Audio\EffectSound.cpp">
      <Filter>System\Audio</Filter>
    </ClCompile>
    <ClCompile Include="System\Audio\NormalSound.cpp">
      <Filter>System\Audio</Filter>
    </ClCompile>
    <ClCompile Include="System\Audio\NormalSoundBuffer.cpp">
      <Filter>System\Audio</Filter>
    </ClCompile>
    <ClCompile Include="Utils\EnumHelpers.cpp">
      <Filter>Utils</Filter>
    </ClCompile>
    <ClCompile Include="System\Audio\SoundTableReader.cpp">
      <Filter>System\Audio</Filter>
    </ClCompile>
    <ClCompile Include="System\Audio\SoundTraits.cpp">
      <Filter>System\Audio</Filter>
    </ClCompile>
    <ClCompile Include="Utils\PathUtils.cpp">
      <Filter>Utils</Filter>
    </ClCompile>
    <ClCompile Include="Serializer\KeyConverter\KeyConverter.cpp">
      <Filter>Serializer\KeyConverter</Filter>
    </ClCompile>
    <ClCompile Include="Serializer\Traits\Traits.cpp">
      <Filter>Serializer\Traits</Filter>
    </ClCompile>
    <ClCompile Include="Serializer\Storage\FileStorage.cpp">
      <Filter>Serializer\Storage</Filter>
    </ClCompile>
    <ClCompile Include="Serializer\Storage\MemoryStorage.cpp">
      <Filter>Serializer\Storage</Filter>
    </ClCompile>
    <ClCompile Include="Serializer\SerializerIO.cpp">
      <Filter>Serializer</Filter>
    </ClCompile>
  </ItemGroup>
  <ItemGroup>
    <Filter Include="Utils">
      <UniqueIdentifier>{afeeacd9-29a4-467b-a9b5-02e9f5c511d8}</UniqueIdentifier>
    </Filter>
    <Filter Include="Window">
      <UniqueIdentifier>{7ce5a08c-2bc0-4572-9fcc-40c1356c1caa}</UniqueIdentifier>
    </Filter>
    <Filter Include="System">
      <UniqueIdentifier>{542fe64b-3dd4-4d25-b7ec-219e29079105}</UniqueIdentifier>
    </Filter>
    <Filter Include="Framework">
      <UniqueIdentifier>{70d3aad2-e44a-404e-8f32-76e91bc2e76f}</UniqueIdentifier>
    </Filter>
    <Filter Include="Framework\Initializer">
      <UniqueIdentifier>{53758de4-1b63-40d8-8388-5c346338bf23}</UniqueIdentifier>
    </Filter>
    <Filter Include="System\Audio">
      <UniqueIdentifier>{d9d7f270-abe4-445f-889a-23f415f65653}</UniqueIdentifier>
    </Filter>
    <Filter Include="System\Public">
      <UniqueIdentifier>{345623cb-0546-404b-ad64-ba49bf4967d4}</UniqueIdentifier>
    </Filter>
    <Filter Include="System\Input">
      <UniqueIdentifier>{94771c7d-10b2-4979-b871-e3940786ece1}</UniqueIdentifier>
    </Filter>
    <Filter Include="Script">
      <UniqueIdentifier>{f9805421-23e1-48e8-b12f-166e780eef9e}</UniqueIdentifier>
    </Filter>
    <Filter Include="Foundation">
      <UniqueIdentifier>{1bf06ca8-e6c1-4235-883f-30ae673f9127}</UniqueIdentifier>
    </Filter>
    <Filter Include="Serializer">
      <UniqueIdentifier>{ef36f2e1-19f8-47bb-aae9-eca0a75fa168}</UniqueIdentifier>
    </Filter>
    <Filter Include="Serializer\KeyConverter">
      <UniqueIdentifier>{8f53a19d-0015-4557-913d-b280d430d68c}</UniqueIdentifier>
    </Filter>
    <Filter Include="Serializer\Storage">
      <UniqueIdentifier>{9b759130-a126-4cf1-930f-58dbef43f1a8}</UniqueIdentifier>
    </Filter>
    <Filter Include="Serializer\Traits">
      <UniqueIdentifier>{a56fb890-67c6-49a1-9022-74574af602d0}</UniqueIdentifier>
    </Filter>
  </ItemGroup>
</Project>