<?xml version="1.0" encoding="utf-8"?>
<Project ToolsVersion="4.0" xmlns="http://schemas.microsoft.com/developer/msbuild/2003">
  <ItemGroup>
    <Filter Include="Foundation">
      <UniqueIdentifier>{c2db4bb7-b0e9-4dc7-8a7d-829bdc57bded}</UniqueIdentifier>
    </Filter>
    <Filter Include="Service">
      <UniqueIdentifier>{d2b1f40b-798d-4476-af53-254a0537f9a1}</UniqueIdentifier>
    </Filter>
    <Filter Include="Utils">
      <UniqueIdentifier>{2464969a-ccc9-47e9-a47b-fab764013851}</UniqueIdentifier>
    </Filter>
    <Filter Include="Utils\Handle">
      <UniqueIdentifier>{eac12419-8692-4464-a024-da52e933e990}</UniqueIdentifier>
    </Filter>
    <Filter Include="Math">
      <UniqueIdentifier>{53f50aa7-27b9-492c-a91e-d98e08482188}</UniqueIdentifier>
    </Filter>
    <Filter Include="Logging">
      <UniqueIdentifier>{845a224d-49c0-41f9-8bfa-4da3e8923ecf}</UniqueIdentifier>
    </Filter>
    <Filter Include="Utils\Allocator">
      <UniqueIdentifier>{ed39e6a6-5566-4c6e-9a36-2c928bcd3359}</UniqueIdentifier>
    </Filter>
  </ItemGroup>
  <ItemGroup>
    <ClInclude Include="Foundation\NoCopyNoMove.h">
      <Filter>Foundation</Filter>
    </ClInclude>
    <ClInclude Include="Foundation\NonCopyable.h">
      <Filter>Foundation</Filter>
    </ClInclude>
    <ClInclude Include="Foundation\NonMovable.h">
      <Filter>Foundation</Filter>
    </ClInclude>
    <ClInclude Include="Service\Locator.h">
      <Filter>Service</Filter>
    </ClInclude>
    <ClInclude Include="Utils\EnumHelpers.h">
      <Filter>Utils</Filter>
    </ClInclude>
    <ClInclude Include="Utils\Memory.h">
      <Filter>Utils</Filter>
    </ClInclude>
    <ClInclude Include="Utils\StlExt.h">
      <Filter>Utils</Filter>
    </ClInclude>
    <ClInclude Include="Utils\StlExtTraitsConcepts.hpp">
      <Filter>Utils</Filter>
    </ClInclude>
    <ClInclude Include="Utils\StlTypeExt.hpp">
      <Filter>Utils</Filter>
    </ClInclude>
    <ClInclude Include="pch.h" />
    <ClInclude Include="Foundation\Types.h">
      <Filter>Foundation</Filter>
    </ClInclude>
    <ClInclude Include="Foundation\Foundation.h">
      <Filter>Foundation</Filter>
    </ClInclude>
    <ClInclude Include="Foundation\Assert.h">
      <Filter>Foundation</Filter>
    </ClInclude>
    <ClInclude Include="Foundation\Macros.h">
      <Filter>Foundation</Filter>
    </ClInclude>
    <ClInclude Include="Utils\CycleIterator.h">
      <Filter>Utils</Filter>
    </ClInclude>
    <ClInclude Include="Utils\CommonUtils.h">
      <Filter>Utils</Filter>
    </ClInclude>
    <ClInclude Include="Foundation\Geometry2D.h">
      <Filter>Foundation</Filter>
    </ClInclude>
    <ClInclude Include="Utils\StringUtils.h">
      <Filter>Utils</Filter>
    </ClInclude>
    <ClInclude Include="Utils\Handle\IDHandle.h">
      <Filter>Utils\Handle</Filter>
    </ClInclude>
    <ClInclude Include="Utils\Handle\HandlePool.h">
      <Filter>Utils\Handle</Filter>
    </ClInclude>
    <ClInclude Include="Utils\Handle\FixedHandlePool.h">
      <Filter>Utils\Handle</Filter>
    </ClInclude>
    <ClInclude Include="Utils\Handle\GenerationalHandle.h">
      <Filter>Utils\Handle</Filter>
    </ClInclude>
    <ClInclude Include="Math\Matrix.h">
      <Filter>Math</Filter>
    </ClInclude>
    <ClInclude Include="Math\Vector3.h">
      <Filter>Math</Filter>
    </ClInclude>
    <ClInclude Include="Math\CameraMatrices.h">
      <Filter>Math</Filter>
    </ClInclude>
    <ClInclude Include="Utils\Hash.h">
      <Filter>Utils</Filter>
    </ClInclude>
    <ClInclude Include="Math\Utils.h">
      <Filter>Math</Filter>
    </ClInclude>
    <ClInclude Include="Math\Constants.h">
      <Filter>Math</Filter>
    </ClInclude>
    <ClInclude Include="Foundation\ResourceID.h">
      <Filter>Foundation</Filter>
    </ClInclude>
    <ClInclude Include="Math\Vector4.h">
      <Filter>Math</Filter>
    </ClInclude>
    <ClInclude Include="Math\Vector2.h">
      <Filter>Math</Filter>
    </ClInclude>
    <ClInclude Include="Foundation\Color.h">
      <Filter>Foundation</Filter>
    </ClInclude>
    <ClInclude Include="Foundation\Align.h">
      <Filter>Foundation</Filter>
    </ClInclude>
    <ClInclude Include="Foundation\Logger.h">
      <Filter>Foundation</Filter>
    </ClInclude>
    <ClInclude Include="Utils\BitUtils.h">
      <Filter>Utils</Filter>
    </ClInclude>
    <ClInclude Include="Foundation\Cast.hpp">
      <Filter>Foundation</Filter>
    </ClInclude>
    <ClInclude Include="Utils\Allocator\IndexAllocator.h">
      <Filter>Utils\Allocator</Filter>
    </ClInclude>
    <ClInclude Include="Utils\Allocator\IndexType.h">
      <Filter>Utils\Allocator</Filter>
    </ClInclude>
    <ClInclude Include="Utils\Allocator\DualIndexAllocator.h">
      <Filter>Utils\Allocator</Filter>
    </ClInclude>
  </ItemGroup>
  <ItemGroup>
    <ClCompile Include="Utils\EnumHelpers.cpp">
      <Filter>Utils</Filter>
    </ClCompile>
    <ClCompile Include="Utils\StlExt.cpp">
      <Filter>Utils</Filter>
    </ClCompile>
    <ClCompile Include="pch.cpp" />
    <ClCompile Include="Utils\CycleIterator.cpp">
      <Filter>Utils</Filter>
    </ClCompile>
    <ClCompile Include="Foundation\Geometry2D.cpp">
      <Filter>Foundation</Filter>
    </ClCompile>
    <ClCompile Include="Utils\StringUtils.cpp">
      <Filter>Utils</Filter>
    </ClCompile>
    <ClCompile Include="Math\Matrix.cpp">
      <Filter>Math</Filter>
    </ClCompile>
    <ClCompile Include="Math\Vector3.cpp">
      <Filter>Math</Filter>
    </ClCompile>
    <ClCompile Include="Math\CameraMatrices.cpp">
      <Filter>Math</Filter>
    </ClCompile>
    <ClCompile Include="Utils\CommonUtils.cpp">
      <Filter>Utils</Filter>
    </ClCompile>
    <ClCompile Include="Foundation\ResourceID.cpp">
      <Filter>Foundation</Filter>
    </ClCompile>
    <ClCompile Include="Math\Vector4.cpp">
      <Filter>Math</Filter>
    </ClCompile>
    <ClCompile Include="Math\Vector2.cpp">
      <Filter>Math</Filter>
    </ClCompile>
    <ClCompile Include="Foundation\Color.cpp">
      <Filter>Foundation</Filter>
    </ClCompile>
    <ClCompile Include="Foundation\Logger.cpp">
      <Filter>Foundation</Filter>
    </ClCompile>
    <ClCompile Include="Utils\BitUtils.cpp">
      <Filter>Utils</Filter>
    </ClCompile>
    <ClCompile Include="Utils\Allocator\IndexAllocator.cpp">
      <Filter>Utils\Allocator</Filter>
    </ClCompile>
    <ClCompile Include="Utils\Allocator\DualIndexAllocator.cpp">
      <Filter>Utils\Allocator</Filter>
    </ClCompile>
  </ItemGroup>
</Project>